
Microsoft Visual Studio Solution File, Format Version 12.00
# Visual Studio 15
VisualStudioVersion = 15.0.28307.489
MinimumVisualStudioVersion = 10.0.40219.1
Project("{FAE04EC0-301F-11D3-BF4B-00C04F79EFBC}") = "Lesson_01_04", "Lesson_01_04\Lesson_01_04.csproj", "{01A87F1C-19F7-452F-A8BD-062D7307EFD2}"
EndProject
Project("{FAE04EC0-301F-11D3-BF4B-00C04F79EFBC}") = "Lesson_02_04", "Lesson_02_04\Lesson_02_04.csproj", "{17107721-B8BC-46FD-807E-5A043F170E0A}"
EndProject
Project("{FAE04EC0-301F-11D3-BF4B-00C04F79EFBC}") = "Lesson_03_04", "Lesson_03_04\Lesson_03_04.csproj", "{36472D8C-AF36-44D2-B416-DCB44EED0680}"
EndProject
Project("{FAE04EC0-301F-11D3-BF4B-00C04F79EFBC}") = "Lesson_04_03", "Lesson_04_03\Lesson_04_03.csproj", "{485997BD-3672-4B6B-A4FB-303D18DCC776}"
EndProject
Project("{FAE04EC0-301F-11D3-BF4B-00C04F79EFBC}") = "Lesson_05_04", "Lesson_05_04\Lesson_05_04.csproj", "{88777EE1-CFAB-4724-97A2-E415D904FBE0}"
EndProject
Project("{FAE04EC0-301F-11D3-BF4B-00C04F79EFBC}") = "ConsoleApp1", "ConsoleApp1\ConsoleApp1.csproj", "{FB2679FE-9474-403B-A892-0242903BEA5D}"
EndProject
Project("{FAE04EC0-301F-11D3-BF4B-00C04F79EFBC}") = "Lesson_06_04", "Lesson_06_04\Lesson_06_04.csproj", "{1F9C8F17-8FB6-4CA2-BCBE-44C78BC4C5F4}"
EndProject
Project("{FAE04EC0-301F-11D3-BF4B-00C04F79EFBC}") = "ConsoleApp2", "ConsoleApp2\ConsoleApp2.csproj", "{B824D7EE-14DD-487C-B21D-8BE3920AF0FE}"
EndProject
Project("{FAE04EC0-301F-11D3-BF4B-00C04F79EFBC}") = "Lesson_07_03", "Lesson_07_03\Lesson_07_03.csproj", "{982B168A-5DF7-4A93-9160-37A75F3EDEBF}"
EndProject
Project("{FAE04EC0-301F-11D3-BF4B-00C04F79EFBC}") = "Lesson_08_03", "Lesson_08_03\Lesson_08_03.csproj", "{A1648096-9408-4DC5-9656-F039D5A65C1A}"
EndProject
Project("{FAE04EC0-301F-11D3-BF4B-00C04F79EFBC}") = "Chapter_01_08", "Chapter_01_02\Chapter_01_08.csproj", "{DDF61F52-E175-40E1-82CC-F90FF521063F}"
EndProject
Project("{FAE04EC0-301F-11D3-BF4B-00C04F79EFBC}") = "Chapter_02_01", "Chapter_02_01\Chapter_02_01.csproj", "{4BF12BDF-2D19-4E52-84FE-94E84FDE6B02}"
EndProject
Project("{FAE04EC0-301F-11D3-BF4B-00C04F79EFBC}") = "Chapter_03_01", "Chapter_03_01\Chapter_03_01.csproj", "{E9666B3F-E574-47B7-8A2E-A0400FFF95A6}"
EndProject
Project("{FAE04EC0-301F-11D3-BF4B-00C04F79EFBC}") = "Chapter_04_01", "Chapter_04_01\Chapter_04_01.csproj", "{D480B534-0C5E-41FA-9820-B5FF27CBECC2}"
EndProject
Project("{FAE04EC0-301F-11D3-BF4B-00C04F79EFBC}") = "Chapter_05_01", "Chapter_05_01\Chapter_05_01.csproj", "{DADE2C70-2F11-4575-A511-63A17433960F}"
EndProject
Project("{FAE04EC0-301F-11D3-BF4B-00C04F79EFBC}") = "Chapter_06_01", "Chapter_06_01\Chapter_06_01.csproj", "{5326AB11-0652-4652-91DC-32B022EBB698}"
EndProject
Project("{FAE04EC0-301F-11D3-BF4B-00C04F79EFBC}") = "Chapter_07_01", "Chapter_07_01\Chapter_07_01.csproj", "{74B7D5B2-576D-4726-BAFF-5EA1C8218FEC}"
EndProject
Project("{FAE04EC0-301F-11D3-BF4B-00C04F79EFBC}") = "Chapter_08_01", "Chapter_08_\Chapter_08_01.csproj", "{20B6DC25-78E0-41D1-AC4E-A23612DA70D6}"
EndProject
Project("{FAE04EC0-301F-11D3-BF4B-00C04F79EFBC}") = "Chapter_09_01", "Chapter_09\Chapter_09_01.csproj", "{8AB48BF4-D214-45AB-A918-0C5FDE03A143}"
EndProject
Project("{FAE04EC0-301F-11D3-BF4B-00C04F79EFBC}") = "Chapter_10_01", "Chapter_10_01\Chapter_10_01.csproj", "{4371470E-58D7-422E-A26A-CC72B534BA13}"
EndProject
Project("{FAE04EC0-301F-11D3-BF4B-00C04F79EFBC}") = "Chapter_11_01", "Chapter_11_01\Chapter_11_01.csproj", "{DB59FEEE-0E11-455F-A3EA-6D29F4D7CE82}"
EndProject
Project("{FAE04EC0-301F-11D3-BF4B-00C04F79EFBC}") = "Chapter_11_02", "Chapter_11_02\Chapter_11_02.csproj", "{6C418A0E-8983-4A16-AACE-0D26125324D6}"
EndProject
Project("{FAE04EC0-301F-11D3-BF4B-00C04F79EFBC}") = "Chapter_11_03", "Chapter_11_03\Chapter_11_03.csproj", "{D8678EB1-576D-480C-8D72-4FB5D17882B7}"
EndProject
Project("{FAE04EC0-301F-11D3-BF4B-00C04F79EFBC}") = "Chapter_11_04", "Chapter_11_04\Chapter_11_04.csproj", "{49611B7C-00E3-4DA3-9B0F-25DF8390F375}"
EndProject
Project("{FAE04EC0-301F-11D3-BF4B-00C04F79EFBC}") = "Chapter_11_05", "Chapter_11_05\Chapter_11_05.csproj", "{47ED3A0A-6F95-4F96-8A73-A39E16E703C9}"
EndProject
Project("{FAE04EC0-301F-11D3-BF4B-00C04F79EFBC}") = "Chapter_11_06", "Chapter_11_06\Chapter_11_06.csproj", "{7EE8E9A1-01CD-4E0D-8930-03A1C7213A6E}"
EndProject
Project("{FAE04EC0-301F-11D3-BF4B-00C04F79EFBC}") = "Chapter_11_07", "Chapter_11_07\Chapter_11_07.csproj", "{B38E6D05-3CAD-42A1-A15A-F715C83B3780}"
EndProject
Project("{2150E333-8FDC-42A3-9474-1A3956D46DE8}") = "Chapters", "Chapters", "{B6DF6A26-3EB5-4BEA-AE92-A53A55007190}"
EndProject
Project("{2150E333-8FDC-42A3-9474-1A3956D46DE8}") = "Lessons", "Lessons", "{F8D03A54-EA23-49D8-84D8-70C85A147699}"
EndProject
Project("{FAE04EC0-301F-11D3-BF4B-00C04F79EFBC}") = "ConsoleApp3", "ConsoleApp3\ConsoleApp3.csproj", "{43F76473-10BB-4B3A-A198-88C743AA047B}"
EndProject
Project("{FAE04EC0-301F-11D3-BF4B-00C04F79EFBC}") = "Chapter_11_08", "Chapter_11_08\Chapter_11_08.csproj", "{B376814E-BC53-41BB-BFA7-A715763A6B7A}"
EndProject
Project("{FAE04EC0-301F-11D3-BF4B-00C04F79EFBC}") = "Lesson_09_03", "Lesson_09_03\Lesson_09_03.csproj", "{1D7E9A01-2653-493C-B7E4-ABC9CB55CC8E}"
EndProject
Project("{2150E333-8FDC-42A3-9474-1A3956D46DE8}") = "Topic", "Topic", "{863712E9-7D94-4CAA-8375-268012B16B93}"
EndProject
Project("{FAE04EC0-301F-11D3-BF4B-00C04F79EFBC}") = "Topic_01", "Topic_01\Topic_01.csproj", "{AE8C4E69-CC2B-4A09-B515-2EE7D649AD52}"
EndProject
Project("{FAE04EC0-301F-11D3-BF4B-00C04F79EFBC}") = "ConsoleApp4", "ConsoleApp4\ConsoleApp4.csproj", "{0F46735D-4553-4FCA-876B-92A7602DDD65}"
EndProject
Project("{FAE04EC0-301F-11D3-BF4B-00C04F79EFBC}") = "Topic_02", "Topic_02\Topic_02.csproj", "{A20627B1-C38E-4D7A-BE58-A076BF5DC654}"
EndProject
Project("{FAE04EC0-301F-11D3-BF4B-00C04F79EFBC}") = "Topic_03", "Topic_03\Topic_03.csproj", "{949B0D2C-55AB-4987-850D-4CE5C05A5CDB}"
EndProject
Global
	GlobalSection(SolutionConfigurationPlatforms) = preSolution
		Debug|Any CPU = Debug|Any CPU
		Release|Any CPU = Release|Any CPU
	EndGlobalSection
	GlobalSection(ProjectConfigurationPlatforms) = postSolution
		{01A87F1C-19F7-452F-A8BD-062D7307EFD2}.Debug|Any CPU.ActiveCfg = Debug|Any CPU
		{01A87F1C-19F7-452F-A8BD-062D7307EFD2}.Debug|Any CPU.Build.0 = Debug|Any CPU
		{01A87F1C-19F7-452F-A8BD-062D7307EFD2}.Release|Any CPU.ActiveCfg = Release|Any CPU
		{01A87F1C-19F7-452F-A8BD-062D7307EFD2}.Release|Any CPU.Build.0 = Release|Any CPU
		{17107721-B8BC-46FD-807E-5A043F170E0A}.Debug|Any CPU.ActiveCfg = Debug|Any CPU
		{17107721-B8BC-46FD-807E-5A043F170E0A}.Debug|Any CPU.Build.0 = Debug|Any CPU
		{17107721-B8BC-46FD-807E-5A043F170E0A}.Release|Any CPU.ActiveCfg = Release|Any CPU
		{17107721-B8BC-46FD-807E-5A043F170E0A}.Release|Any CPU.Build.0 = Release|Any CPU
		{36472D8C-AF36-44D2-B416-DCB44EED0680}.Debug|Any CPU.ActiveCfg = Debug|Any CPU
		{36472D8C-AF36-44D2-B416-DCB44EED0680}.Debug|Any CPU.Build.0 = Debug|Any CPU
		{36472D8C-AF36-44D2-B416-DCB44EED0680}.Release|Any CPU.ActiveCfg = Release|Any CPU
		{36472D8C-AF36-44D2-B416-DCB44EED0680}.Release|Any CPU.Build.0 = Release|Any CPU
		{485997BD-3672-4B6B-A4FB-303D18DCC776}.Debug|Any CPU.ActiveCfg = Debug|Any CPU
		{485997BD-3672-4B6B-A4FB-303D18DCC776}.Debug|Any CPU.Build.0 = Debug|Any CPU
		{485997BD-3672-4B6B-A4FB-303D18DCC776}.Release|Any CPU.ActiveCfg = Release|Any CPU
		{485997BD-3672-4B6B-A4FB-303D18DCC776}.Release|Any CPU.Build.0 = Release|Any CPU
		{88777EE1-CFAB-4724-97A2-E415D904FBE0}.Debug|Any CPU.ActiveCfg = Debug|Any CPU
		{88777EE1-CFAB-4724-97A2-E415D904FBE0}.Debug|Any CPU.Build.0 = Debug|Any CPU
		{88777EE1-CFAB-4724-97A2-E415D904FBE0}.Release|Any CPU.ActiveCfg = Release|Any CPU
		{88777EE1-CFAB-4724-97A2-E415D904FBE0}.Release|Any CPU.Build.0 = Release|Any CPU
		{FB2679FE-9474-403B-A892-0242903BEA5D}.Debug|Any CPU.ActiveCfg = Debug|Any CPU
		{FB2679FE-9474-403B-A892-0242903BEA5D}.Debug|Any CPU.Build.0 = Debug|Any CPU
		{FB2679FE-9474-403B-A892-0242903BEA5D}.Release|Any CPU.ActiveCfg = Release|Any CPU
		{FB2679FE-9474-403B-A892-0242903BEA5D}.Release|Any CPU.Build.0 = Release|Any CPU
		{1F9C8F17-8FB6-4CA2-BCBE-44C78BC4C5F4}.Debug|Any CPU.ActiveCfg = Debug|Any CPU
		{1F9C8F17-8FB6-4CA2-BCBE-44C78BC4C5F4}.Debug|Any CPU.Build.0 = Debug|Any CPU
		{1F9C8F17-8FB6-4CA2-BCBE-44C78BC4C5F4}.Release|Any CPU.ActiveCfg = Release|Any CPU
		{1F9C8F17-8FB6-4CA2-BCBE-44C78BC4C5F4}.Release|Any CPU.Build.0 = Release|Any CPU
		{B824D7EE-14DD-487C-B21D-8BE3920AF0FE}.Debug|Any CPU.ActiveCfg = Debug|Any CPU
		{B824D7EE-14DD-487C-B21D-8BE3920AF0FE}.Debug|Any CPU.Build.0 = Debug|Any CPU
		{B824D7EE-14DD-487C-B21D-8BE3920AF0FE}.Release|Any CPU.ActiveCfg = Release|Any CPU
		{B824D7EE-14DD-487C-B21D-8BE3920AF0FE}.Release|Any CPU.Build.0 = Release|Any CPU
		{982B168A-5DF7-4A93-9160-37A75F3EDEBF}.Debug|Any CPU.ActiveCfg = Debug|Any CPU
		{982B168A-5DF7-4A93-9160-37A75F3EDEBF}.Debug|Any CPU.Build.0 = Debug|Any CPU
		{982B168A-5DF7-4A93-9160-37A75F3EDEBF}.Release|Any CPU.ActiveCfg = Release|Any CPU
		{982B168A-5DF7-4A93-9160-37A75F3EDEBF}.Release|Any CPU.Build.0 = Release|Any CPU
		{A1648096-9408-4DC5-9656-F039D5A65C1A}.Debug|Any CPU.ActiveCfg = Debug|Any CPU
		{A1648096-9408-4DC5-9656-F039D5A65C1A}.Debug|Any CPU.Build.0 = Debug|Any CPU
		{A1648096-9408-4DC5-9656-F039D5A65C1A}.Release|Any CPU.ActiveCfg = Release|Any CPU
		{A1648096-9408-4DC5-9656-F039D5A65C1A}.Release|Any CPU.Build.0 = Release|Any CPU
		{DDF61F52-E175-40E1-82CC-F90FF521063F}.Debug|Any CPU.ActiveCfg = Debug|Any CPU
		{DDF61F52-E175-40E1-82CC-F90FF521063F}.Debug|Any CPU.Build.0 = Debug|Any CPU
		{DDF61F52-E175-40E1-82CC-F90FF521063F}.Release|Any CPU.ActiveCfg = Release|Any CPU
		{DDF61F52-E175-40E1-82CC-F90FF521063F}.Release|Any CPU.Build.0 = Release|Any CPU
		{4BF12BDF-2D19-4E52-84FE-94E84FDE6B02}.Debug|Any CPU.ActiveCfg = Debug|Any CPU
		{4BF12BDF-2D19-4E52-84FE-94E84FDE6B02}.Debug|Any CPU.Build.0 = Debug|Any CPU
		{4BF12BDF-2D19-4E52-84FE-94E84FDE6B02}.Release|Any CPU.ActiveCfg = Release|Any CPU
		{4BF12BDF-2D19-4E52-84FE-94E84FDE6B02}.Release|Any CPU.Build.0 = Release|Any CPU
		{E9666B3F-E574-47B7-8A2E-A0400FFF95A6}.Debug|Any CPU.ActiveCfg = Debug|Any CPU
		{E9666B3F-E574-47B7-8A2E-A0400FFF95A6}.Debug|Any CPU.Build.0 = Debug|Any CPU
		{E9666B3F-E574-47B7-8A2E-A0400FFF95A6}.Release|Any CPU.ActiveCfg = Release|Any CPU
		{E9666B3F-E574-47B7-8A2E-A0400FFF95A6}.Release|Any CPU.Build.0 = Release|Any CPU
		{D480B534-0C5E-41FA-9820-B5FF27CBECC2}.Debug|Any CPU.ActiveCfg = Debug|Any CPU
		{D480B534-0C5E-41FA-9820-B5FF27CBECC2}.Debug|Any CPU.Build.0 = Debug|Any CPU
		{D480B534-0C5E-41FA-9820-B5FF27CBECC2}.Release|Any CPU.ActiveCfg = Release|Any CPU
		{D480B534-0C5E-41FA-9820-B5FF27CBECC2}.Release|Any CPU.Build.0 = Release|Any CPU
		{DADE2C70-2F11-4575-A511-63A17433960F}.Debug|Any CPU.ActiveCfg = Debug|Any CPU
		{DADE2C70-2F11-4575-A511-63A17433960F}.Debug|Any CPU.Build.0 = Debug|Any CPU
		{DADE2C70-2F11-4575-A511-63A17433960F}.Release|Any CPU.ActiveCfg = Release|Any CPU
		{DADE2C70-2F11-4575-A511-63A17433960F}.Release|Any CPU.Build.0 = Release|Any CPU
		{5326AB11-0652-4652-91DC-32B022EBB698}.Debug|Any CPU.ActiveCfg = Debug|Any CPU
		{5326AB11-0652-4652-91DC-32B022EBB698}.Debug|Any CPU.Build.0 = Debug|Any CPU
		{5326AB11-0652-4652-91DC-32B022EBB698}.Release|Any CPU.ActiveCfg = Release|Any CPU
		{5326AB11-0652-4652-91DC-32B022EBB698}.Release|Any CPU.Build.0 = Release|Any CPU
		{74B7D5B2-576D-4726-BAFF-5EA1C8218FEC}.Debug|Any CPU.ActiveCfg = Debug|Any CPU
		{74B7D5B2-576D-4726-BAFF-5EA1C8218FEC}.Debug|Any CPU.Build.0 = Debug|Any CPU
		{74B7D5B2-576D-4726-BAFF-5EA1C8218FEC}.Release|Any CPU.ActiveCfg = Release|Any CPU
		{74B7D5B2-576D-4726-BAFF-5EA1C8218FEC}.Release|Any CPU.Build.0 = Release|Any CPU
		{20B6DC25-78E0-41D1-AC4E-A23612DA70D6}.Debug|Any CPU.ActiveCfg = Debug|Any CPU
		{20B6DC25-78E0-41D1-AC4E-A23612DA70D6}.Debug|Any CPU.Build.0 = Debug|Any CPU
		{20B6DC25-78E0-41D1-AC4E-A23612DA70D6}.Release|Any CPU.ActiveCfg = Release|Any CPU
		{20B6DC25-78E0-41D1-AC4E-A23612DA70D6}.Release|Any CPU.Build.0 = Release|Any CPU
		{8AB48BF4-D214-45AB-A918-0C5FDE03A143}.Debug|Any CPU.ActiveCfg = Debug|Any CPU
		{8AB48BF4-D214-45AB-A918-0C5FDE03A143}.Debug|Any CPU.Build.0 = Debug|Any CPU
		{8AB48BF4-D214-45AB-A918-0C5FDE03A143}.Release|Any CPU.ActiveCfg = Release|Any CPU
		{8AB48BF4-D214-45AB-A918-0C5FDE03A143}.Release|Any CPU.Build.0 = Release|Any CPU
		{4371470E-58D7-422E-A26A-CC72B534BA13}.Debug|Any CPU.ActiveCfg = Debug|Any CPU
		{4371470E-58D7-422E-A26A-CC72B534BA13}.Debug|Any CPU.Build.0 = Debug|Any CPU
		{4371470E-58D7-422E-A26A-CC72B534BA13}.Release|Any CPU.ActiveCfg = Release|Any CPU
		{4371470E-58D7-422E-A26A-CC72B534BA13}.Release|Any CPU.Build.0 = Release|Any CPU
		{DB59FEEE-0E11-455F-A3EA-6D29F4D7CE82}.Debug|Any CPU.ActiveCfg = Debug|Any CPU
		{DB59FEEE-0E11-455F-A3EA-6D29F4D7CE82}.Debug|Any CPU.Build.0 = Debug|Any CPU
		{DB59FEEE-0E11-455F-A3EA-6D29F4D7CE82}.Release|Any CPU.ActiveCfg = Release|Any CPU
		{DB59FEEE-0E11-455F-A3EA-6D29F4D7CE82}.Release|Any CPU.Build.0 = Release|Any CPU
		{6C418A0E-8983-4A16-AACE-0D26125324D6}.Debug|Any CPU.ActiveCfg = Debug|Any CPU
		{6C418A0E-8983-4A16-AACE-0D26125324D6}.Debug|Any CPU.Build.0 = Debug|Any CPU
		{6C418A0E-8983-4A16-AACE-0D26125324D6}.Release|Any CPU.ActiveCfg = Release|Any CPU
		{6C418A0E-8983-4A16-AACE-0D26125324D6}.Release|Any CPU.Build.0 = Release|Any CPU
		{D8678EB1-576D-480C-8D72-4FB5D17882B7}.Debug|Any CPU.ActiveCfg = Debug|Any CPU
		{D8678EB1-576D-480C-8D72-4FB5D17882B7}.Debug|Any CPU.Build.0 = Debug|Any CPU
		{D8678EB1-576D-480C-8D72-4FB5D17882B7}.Release|Any CPU.ActiveCfg = Release|Any CPU
		{D8678EB1-576D-480C-8D72-4FB5D17882B7}.Release|Any CPU.Build.0 = Release|Any CPU
		{49611B7C-00E3-4DA3-9B0F-25DF8390F375}.Debug|Any CPU.ActiveCfg = Debug|Any CPU
		{49611B7C-00E3-4DA3-9B0F-25DF8390F375}.Debug|Any CPU.Build.0 = Debug|Any CPU
		{49611B7C-00E3-4DA3-9B0F-25DF8390F375}.Release|Any CPU.ActiveCfg = Release|Any CPU
		{49611B7C-00E3-4DA3-9B0F-25DF8390F375}.Release|Any CPU.Build.0 = Release|Any CPU
		{47ED3A0A-6F95-4F96-8A73-A39E16E703C9}.Debug|Any CPU.ActiveCfg = Debug|Any CPU
		{47ED3A0A-6F95-4F96-8A73-A39E16E703C9}.Debug|Any CPU.Build.0 = Debug|Any CPU
		{47ED3A0A-6F95-4F96-8A73-A39E16E703C9}.Release|Any CPU.ActiveCfg = Release|Any CPU
		{47ED3A0A-6F95-4F96-8A73-A39E16E703C9}.Release|Any CPU.Build.0 = Release|Any CPU
		{7EE8E9A1-01CD-4E0D-8930-03A1C7213A6E}.Debug|Any CPU.ActiveCfg = Debug|Any CPU
		{7EE8E9A1-01CD-4E0D-8930-03A1C7213A6E}.Debug|Any CPU.Build.0 = Debug|Any CPU
		{7EE8E9A1-01CD-4E0D-8930-03A1C7213A6E}.Release|Any CPU.ActiveCfg = Release|Any CPU
		{7EE8E9A1-01CD-4E0D-8930-03A1C7213A6E}.Release|Any CPU.Build.0 = Release|Any CPU
		{B38E6D05-3CAD-42A1-A15A-F715C83B3780}.Debug|Any CPU.ActiveCfg = Debug|Any CPU
		{B38E6D05-3CAD-42A1-A15A-F715C83B3780}.Debug|Any CPU.Build.0 = Debug|Any CPU
		{B38E6D05-3CAD-42A1-A15A-F715C83B3780}.Release|Any CPU.ActiveCfg = Release|Any CPU
		{B38E6D05-3CAD-42A1-A15A-F715C83B3780}.Release|Any CPU.Build.0 = Release|Any CPU
		{43F76473-10BB-4B3A-A198-88C743AA047B}.Debug|Any CPU.ActiveCfg = Debug|Any CPU
		{43F76473-10BB-4B3A-A198-88C743AA047B}.Debug|Any CPU.Build.0 = Debug|Any CPU
		{43F76473-10BB-4B3A-A198-88C743AA047B}.Release|Any CPU.ActiveCfg = Release|Any CPU
		{43F76473-10BB-4B3A-A198-88C743AA047B}.Release|Any CPU.Build.0 = Release|Any CPU
		{B376814E-BC53-41BB-BFA7-A715763A6B7A}.Debug|Any CPU.ActiveCfg = Debug|Any CPU
		{B376814E-BC53-41BB-BFA7-A715763A6B7A}.Debug|Any CPU.Build.0 = Debug|Any CPU
		{B376814E-BC53-41BB-BFA7-A715763A6B7A}.Release|Any CPU.ActiveCfg = Release|Any CPU
		{B376814E-BC53-41BB-BFA7-A715763A6B7A}.Release|Any CPU.Build.0 = Release|Any CPU
		{1D7E9A01-2653-493C-B7E4-ABC9CB55CC8E}.Debug|Any CPU.ActiveCfg = Debug|Any CPU
		{1D7E9A01-2653-493C-B7E4-ABC9CB55CC8E}.Debug|Any CPU.Build.0 = Debug|Any CPU
		{1D7E9A01-2653-493C-B7E4-ABC9CB55CC8E}.Release|Any CPU.ActiveCfg = Release|Any CPU
		{1D7E9A01-2653-493C-B7E4-ABC9CB55CC8E}.Release|Any CPU.Build.0 = Release|Any CPU
		{AE8C4E69-CC2B-4A09-B515-2EE7D649AD52}.Debug|Any CPU.ActiveCfg = Debug|Any CPU
		{AE8C4E69-CC2B-4A09-B515-2EE7D649AD52}.Debug|Any CPU.Build.0 = Debug|Any CPU
		{AE8C4E69-CC2B-4A09-B515-2EE7D649AD52}.Release|Any CPU.ActiveCfg = Release|Any CPU
		{AE8C4E69-CC2B-4A09-B515-2EE7D649AD52}.Release|Any CPU.Build.0 = Release|Any CPU
		{0F46735D-4553-4FCA-876B-92A7602DDD65}.Debug|Any CPU.ActiveCfg = Debug|Any CPU
		{0F46735D-4553-4FCA-876B-92A7602DDD65}.Debug|Any CPU.Build.0 = Debug|Any CPU
		{0F46735D-4553-4FCA-876B-92A7602DDD65}.Release|Any CPU.ActiveCfg = Release|Any CPU
		{0F46735D-4553-4FCA-876B-92A7602DDD65}.Release|Any CPU.Build.0 = Release|Any CPU
		{A20627B1-C38E-4D7A-BE58-A076BF5DC654}.Debug|Any CPU.ActiveCfg = Debug|Any CPU
		{A20627B1-C38E-4D7A-BE58-A076BF5DC654}.Debug|Any CPU.Build.0 = Debug|Any CPU
		{A20627B1-C38E-4D7A-BE58-A076BF5DC654}.Release|Any CPU.ActiveCfg = Release|Any CPU
		{A20627B1-C38E-4D7A-BE58-A076BF5DC654}.Release|Any CPU.Build.0 = Release|Any CPU
		{949B0D2C-55AB-4987-850D-4CE5C05A5CDB}.Debug|Any CPU.ActiveCfg = Debug|Any CPU
		{949B0D2C-55AB-4987-850D-4CE5C05A5CDB}.Debug|Any CPU.Build.0 = Debug|Any CPU
		{949B0D2C-55AB-4987-850D-4CE5C05A5CDB}.Release|Any CPU.ActiveCfg = Release|Any CPU
		{949B0D2C-55AB-4987-850D-4CE5C05A5CDB}.Release|Any CPU.Build.0 = Release|Any CPU
	EndGlobalSection
	GlobalSection(SolutionProperties) = preSolution
		HideSolutionNode = FALSE
	EndGlobalSection
	GlobalSection(NestedProjects) = preSolution
		{01A87F1C-19F7-452F-A8BD-062D7307EFD2} = {F8D03A54-EA23-49D8-84D8-70C85A147699}
		{17107721-B8BC-46FD-807E-5A043F170E0A} = {F8D03A54-EA23-49D8-84D8-70C85A147699}
		{36472D8C-AF36-44D2-B416-DCB44EED0680} = {F8D03A54-EA23-49D8-84D8-70C85A147699}
		{485997BD-3672-4B6B-A4FB-303D18DCC776} = {F8D03A54-EA23-49D8-84D8-70C85A147699}
		{88777EE1-CFAB-4724-97A2-E415D904FBE0} = {F8D03A54-EA23-49D8-84D8-70C85A147699}
		{1F9C8F17-8FB6-4CA2-BCBE-44C78BC4C5F4} = {F8D03A54-EA23-49D8-84D8-70C85A147699}
		{982B168A-5DF7-4A93-9160-37A75F3EDEBF} = {F8D03A54-EA23-49D8-84D8-70C85A147699}
		{A1648096-9408-4DC5-9656-F039D5A65C1A} = {F8D03A54-EA23-49D8-84D8-70C85A147699}
		{DDF61F52-E175-40E1-82CC-F90FF521063F} = {B6DF6A26-3EB5-4BEA-AE92-A53A55007190}
		{4BF12BDF-2D19-4E52-84FE-94E84FDE6B02} = {B6DF6A26-3EB5-4BEA-AE92-A53A55007190}
		{E9666B3F-E574-47B7-8A2E-A0400FFF95A6} = {B6DF6A26-3EB5-4BEA-AE92-A53A55007190}
		{D480B534-0C5E-41FA-9820-B5FF27CBECC2} = {B6DF6A26-3EB5-4BEA-AE92-A53A55007190}
		{DADE2C70-2F11-4575-A511-63A17433960F} = {B6DF6A26-3EB5-4BEA-AE92-A53A55007190}
		{5326AB11-0652-4652-91DC-32B022EBB698} = {B6DF6A26-3EB5-4BEA-AE92-A53A55007190}
		{74B7D5B2-576D-4726-BAFF-5EA1C8218FEC} = {B6DF6A26-3EB5-4BEA-AE92-A53A55007190}
		{20B6DC25-78E0-41D1-AC4E-A23612DA70D6} = {B6DF6A26-3EB5-4BEA-AE92-A53A55007190}
		{8AB48BF4-D214-45AB-A918-0C5FDE03A143} = {B6DF6A26-3EB5-4BEA-AE92-A53A55007190}
		{4371470E-58D7-422E-A26A-CC72B534BA13} = {B6DF6A26-3EB5-4BEA-AE92-A53A55007190}
		{DB59FEEE-0E11-455F-A3EA-6D29F4D7CE82} = {B6DF6A26-3EB5-4BEA-AE92-A53A55007190}
		{6C418A0E-8983-4A16-AACE-0D26125324D6} = {B6DF6A26-3EB5-4BEA-AE92-A53A55007190}
		{D8678EB1-576D-480C-8D72-4FB5D17882B7} = {B6DF6A26-3EB5-4BEA-AE92-A53A55007190}
		{49611B7C-00E3-4DA3-9B0F-25DF8390F375} = {B6DF6A26-3EB5-4BEA-AE92-A53A55007190}
		{47ED3A0A-6F95-4F96-8A73-A39E16E703C9} = {B6DF6A26-3EB5-4BEA-AE92-A53A55007190}
		{7EE8E9A1-01CD-4E0D-8930-03A1C7213A6E} = {B6DF6A26-3EB5-4BEA-AE92-A53A55007190}
		{B38E6D05-3CAD-42A1-A15A-F715C83B3780} = {B6DF6A26-3EB5-4BEA-AE92-A53A55007190}
		{B376814E-BC53-41BB-BFA7-A715763A6B7A} = {B6DF6A26-3EB5-4BEA-AE92-A53A55007190}
		{1D7E9A01-2653-493C-B7E4-ABC9CB55CC8E} = {F8D03A54-EA23-49D8-84D8-70C85A147699}
		{AE8C4E69-CC2B-4A09-B515-2EE7D649AD52} = {863712E9-7D94-4CAA-8375-268012B16B93}
		{A20627B1-C38E-4D7A-BE58-A076BF5DC654} = {863712E9-7D94-4CAA-8375-268012B16B93}
		{949B0D2C-55AB-4987-850D-4CE5C05A5CDB} = {863712E9-7D94-4CAA-8375-268012B16B93}
	EndGlobalSection
	GlobalSection(ExtensibilityGlobals) = postSolution
		SolutionGuid = {CDC0D12D-182F-4C8F-A419-2731BFD2BD9E}
	EndGlobalSection
EndGlobal
