
Microsoft Visual Studio Solution File, Format Version 12.00
# Visual Studio 15
VisualStudioVersion = 15.0.28307.489
MinimumVisualStudioVersion = 10.0.40219.1
Project("{FAE04EC0-301F-11D3-BF4B-00C04F79EFBC}") = "Lesson_01_04", "Lesson_01_04\Lesson_01_04.csproj", "{01A87F1C-19F7-452F-A8BD-062D7307EFD2}"
EndProject
Project("{FAE04EC0-301F-11D3-BF4B-00C04F79EFBC}") = "Lesson_02_04", "Lesson_02_04\Lesson_02_04.csproj", "{17107721-B8BC-46FD-807E-5A043F170E0A}"
EndProject
Project("{FAE04EC0-301F-11D3-BF4B-00C04F79EFBC}") = "Lesson_03_04", "Lesson_03_04\Lesson_03_04.csproj", "{36472D8C-AF36-44D2-B416-DCB44EED0680}"
EndProject
Project("{FAE04EC0-301F-11D3-BF4B-00C04F79EFBC}") = "Lesson_04_03", "Lesson_04_03\Lesson_04_03.csproj", "{485997BD-3672-4B6B-A4FB-303D18DCC776}"
EndProject
Project("{FAE04EC0-301F-11D3-BF4B-00C04F79EFBC}") = "Lesson_05_04", "Lesson_05_04\Lesson_05_04.csproj", "{88777EE1-CFAB-4724-97A2-E415D904FBE0}"
EndProject
Project("{FAE04EC0-301F-11D3-BF4B-00C04F79EFBC}") = "ConsoleApp1", "ConsoleApp1\ConsoleApp1.csproj", "{FB2679FE-9474-403B-A892-0242903BEA5D}"
EndProject
Project("{FAE04EC0-301F-11D3-BF4B-00C04F79EFBC}") = "Lesson_06_04", "Lesson_06_04\Lesson_06_04.csproj", "{1F9C8F17-8FB6-4CA2-BCBE-44C78BC4C5F4}"
EndProject
Project("{FAE04EC0-301F-11D3-BF4B-00C04F79EFBC}") = "ConsoleApp2", "ConsoleApp2\ConsoleApp2.csproj", "{B824D7EE-14DD-487C-B21D-8BE3920AF0FE}"
EndProject
Project("{FAE04EC0-301F-11D3-BF4B-00C04F79EFBC}") = "Lesson_07_03", "Lesson_07_03\Lesson_07_03.csproj", "{982B168A-5DF7-4A93-9160-37A75F3EDEBF}"
EndProject
Project("{FAE04EC0-301F-11D3-BF4B-00C04F79EFBC}") = "Lesson_08_03", "Lesson_08_03\Lesson_08_03.csproj", "{A1648096-9408-4DC5-9656-F039D5A65C1A}"
EndProject
Project("{FAE04EC0-301F-11D3-BF4B-00C04F79EFBC}") = "Chapter_01_08", "Chapter_01_02\Chapter_01_08.csproj", "{DDF61F52-E175-40E1-82CC-F90FF521063F}"
EndProject
Project("{FAE04EC0-301F-11D3-BF4B-00C04F79EFBC}") = "Chapter_02_01", "Chapter_02_01\Chapter_02_01.csproj", "{4BF12BDF-2D19-4E52-84FE-94E84FDE6B02}"
EndProject
Project("{FAE04EC0-301F-11D3-BF4B-00C04F79EFBC}") = "Chapter_03_01", "Chapter_03_01\Chapter_03_01.csproj", "{E9666B3F-E574-47B7-8A2E-A0400FFF95A6}"
EndProject
Project("{FAE04EC0-301F-11D3-BF4B-00C04F79EFBC}") = "Chapter_04_01", "Chapter_04_01\Chapter_04_01.csproj", "{D480B534-0C5E-41FA-9820-B5FF27CBECC2}"
EndProject
Project("{FAE04EC0-301F-11D3-BF4B-00C04F79EFBC}") = "Chapter_05_01", "Chapter_05_01\Chapter_05_01.csproj", "{DADE2C70-2F11-4575-A511-63A17433960F}"
EndProject
Project("{FAE04EC0-301F-11D3-BF4B-00C04F79EFBC}") = "Chapter_06_01", "Chapter_06_01\Chapter_06_01.csproj", "{5326AB11-0652-4652-91DC-32B022EBB698}"
EndProject
Project("{FAE04EC0-301F-11D3-BF4B-00C04F79EFBC}") = "Chapter_07_01", "Chapter_07_01\Chapter_07_01.csproj", "{74B7D5B2-576D-4726-BAFF-5EA1C8218FEC}"
EndProject
Project("{FAE04EC0-301F-11D3-BF4B-00C04F79EFBC}") = "Chapter_08_01", "Chapter_08_\Chapter_08_01.csproj", "{20B6DC25-78E0-41D1-AC4E-A23612DA70D6}"
EndProject
Project("{FAE04EC0-301F-11D3-BF4B-00C04F79EFBC}") = "Chapter_09_01", "Chapter_09\Chapter_09_01.csproj", "{8AB48BF4-D214-45AB-A918-0C5FDE03A143}"
EndProject
Project("{FAE04EC0-301F-11D3-BF4B-00C04F79EFBC}") = "Chapter_10_01", "Chapter_10_01\Chapter_10_01.csproj", "{4371470E-58D7-422E-A26A-CC72B534BA13}"
EndProject
Project("{FAE04EC0-301F-11D3-BF4B-00C04F79EFBC}") = "Chapter_11_01", "Chapter_11_01\Chapter_11_01.csproj", "{DB59FEEE-0E11-455F-A3EA-6D29F4D7CE82}"
EndProject
Project("{FAE04EC0-301F-11D3-BF4B-00C04F79EFBC}") = "Chapter_11_02", "Chapter_11_02\Chapter_11_02.csproj", "{6C418A0E-8983-4A16-AACE-0D26125324D6}"
EndProject
Project("{FAE04EC0-301F-11D3-BF4B-00C04F79EFBC}") = "Chapter_11_03", "Chapter_11_03\Chapter_11_03.csproj", "{D8678EB1-576D-480C-8D72-4FB5D17882B7}"
EndProject
Project("{FAE04EC0-301F-11D3-BF4B-00C04F79EFBC}") = "Chapter_11_04", "Chapter_11_04\Chapter_11_04.csproj", "{49611B7C-00E3-4DA3-9B0F-25DF8390F375}"
EndProject
Project("{FAE04EC0-301F-11D3-BF4B-00C04F79EFBC}") = "Chapter_11_05", "Chapter_11_05\Chapter_11_05.csproj", "{47ED3A0A-6F95-4F96-8A73-A39E16E703C9}"
EndProject
Project("{FAE04EC0-301F-11D3-BF4B-00C04F79EFBC}") = "Chapter_11_06", "Chapter_11_06\Chapter_11_06.csproj", "{7EE8E9A1-01CD-4E0D-8930-03A1C7213A6E}"
EndProject
Project("{FAE04EC0-301F-11D3-BF4B-00C04F79EFBC}") = "Chapter_11_07", "Chapter_11_07\Chapter_11_07.csproj", "{B38E6D05-3CAD-42A1-A15A-F715C83B3780}"
EndProject
Project("{2150E333-8FDC-42A3-9474-1A3956D46DE8}") = "Chapters", "Chapters", "{B6DF6A26-3EB5-4BEA-AE92-A53A55007190}"
EndProject
Project("{2150E333-8FDC-42A3-9474-1A3956D46DE8}") = "Lessons", "Lessons", "{F8D03A54-EA23-49D8-84D8-70C85A147699}"
EndProject
Project("{FAE04EC0-301F-11D3-BF4B-00C04F79EFBC}") = "ConsoleApp3", "ConsoleApp3\ConsoleApp3.csproj", "{43F76473-10BB-4B3A-A198-88C743AA047B}"
EndProject
Project("{FAE04EC0-301F-11D3-BF4B-00C04F79EFBC}") = "Chapter_11_08", "Chapter_11_08\Chapter_11_08.csproj", "{B376814E-BC53-41BB-BFA7-A715763A6B7A}"
EndProject
Project("{FAE04EC0-301F-11D3-BF4B-00C04F79EFBC}") = "Lesson_09_03", "Lesson_09_03\Lesson_09_03.csproj", "{1D7E9A01-2653-493C-B7E4-ABC9CB55CC8E}"
EndProject
Project("{2150E333-8FDC-42A3-9474-1A3956D46DE8}") = "Topic", "Topic", "{863712E9-7D94-4CAA-8375-268012B16B93}"
EndProject
Project("{FAE04EC0-301F-11D3-BF4B-00C04F79EFBC}") = "Topic_01", "Topic_01\Topic_01.csproj", "{AE8C4E69-CC2B-4A09-B515-2EE7D649AD52}"
EndProject
Project("{FAE04EC0-301F-11D3-BF4B-00C04F79EFBC}") = "ConsoleApp4", "ConsoleApp4\ConsoleApp4.csproj", "{0F46735D-4553-4FCA-876B-92A7602DDD65}"
EndProject
Project("{FAE04EC0-301F-11D3-BF4B-00C04F79EFBC}") = "Topic_02", "Topic_02\Topic_02.csproj", "{A20627B1-C38E-4D7A-BE58-A076BF5DC654}"
EndProject
Project("{FAE04EC0-301F-11D3-BF4B-00C04F79EFBC}") = "Topic_03", "Topic_03\Topic_03.csproj", "{949B0D2C-55AB-4987-850D-4CE5C05A5CDB}"
EndProject
Project("{FAE04EC0-301F-11D3-BF4B-00C04F79EFBC}") = "Topic_04", "Topic_04\Topic_04.csproj", "{AA173844-4669-406F-9756-85497D571936}"
EndProject
Project("{2150E333-8FDC-42A3-9474-1A3956D46DE8}") = "fb", "fb", "{88463802-030F-4DC7-977E-0947B77648C7}"
EndProject
Project("{FAE04EC0-301F-11D3-BF4B-00C04F79EFBC}") = "for_147", "for_147\for_147.csproj", "{296868F2-DA33-4F26-AD96-41D71830377C}"
EndProject
Project("{FAE04EC0-301F-11D3-BF4B-00C04F79EFBC}") = "for_148", "for_148\for_148.csproj", "{83FAA064-E83F-482A-A734-C3FD3F6719A3}"
EndProject
Project("{FAE04EC0-301F-11D3-BF4B-00C04F79EFBC}") = "for_151", "for_150\for_151.csproj", "{D39B293A-B919-49B4-98FA-237A0BDC8D37}"
EndProject
Project("{FAE04EC0-301F-11D3-BF4B-00C04F79EFBC}") = "for_152", "for_152\for_152.csproj", "{4F740DE7-2B53-47DE-AEF1-BF0CC2F74A86}"
EndProject
Project("{FAE04EC0-301F-11D3-BF4B-00C04F79EFBC}") = "for_157", "for_153\for_157.csproj", "{9BC2B14B-A447-4468-A31A-0D916FFDF626}"
EndProject
Project("{FAE04EC0-301F-11D3-BF4B-00C04F79EFBC}") = "for_153", "for_153_\for_153.csproj", "{D4D9BCA9-D4B7-4E5B-922E-06CBAB1F0A85}"
EndProject
Project("{FAE04EC0-301F-11D3-BF4B-00C04F79EFBC}") = "for_154", "for_154\for_154.csproj", "{A2A2AD62-70C5-4F3C-A075-F31A698F6CE0}"
EndProject
Project("{FAE04EC0-301F-11D3-BF4B-00C04F79EFBC}") = "for_155", "for_155\for_155.csproj", "{C3D67D7B-014B-4697-86C8-B5987D6DBED8}"
EndProject
Project("{FAE04EC0-301F-11D3-BF4B-00C04F79EFBC}") = "for_156", "for_156\for_156.csproj", "{75EAF1E6-FFCE-4CFD-84DE-3E6E45BC376E}"
EndProject
Project("{FAE04EC0-301F-11D3-BF4B-00C04F79EFBC}") = "for_157_1", "for_157_1\for_157_1.csproj", "{814CEBD1-9B8F-49E9-A3E1-983803F9728E}"
EndProject
Project("{FAE04EC0-301F-11D3-BF4B-00C04F79EFBC}") = "for_158", "for_158\for_158.csproj", "{1EDB520D-BE54-429A-B623-6D3E5BB4B510}"
EndProject
Project("{FAE04EC0-301F-11D3-BF4B-00C04F79EFBC}") = "for_159", "for_159\for_159.csproj", "{04CC7FCA-08A7-435A-8493-515D02C7125B}"
EndProject
Project("{FAE04EC0-301F-11D3-BF4B-00C04F79EFBC}") = "for_160", "for_160\for_160.csproj", "{6A25CFF5-C5C0-4709-B3D5-A6B98E67DF86}"
EndProject
Project("{FAE04EC0-301F-11D3-BF4B-00C04F79EFBC}") = "for_161", "for_161\for_161.csproj", "{EF5185DF-C8FC-401D-98ED-39FC2C4BEA3B}"
EndProject
Project("{FAE04EC0-301F-11D3-BF4B-00C04F79EFBC}") = "for_163", "for_163\for_163.csproj", "{D3F86FE0-2F07-4EF3-B2D0-5124FDB764C0}"
EndProject
Project("{FAE04EC0-301F-11D3-BF4B-00C04F79EFBC}") = "for_164", "for_164\for_164.csproj", "{5903CA0A-D625-4161-A5AA-E98641079925}"
EndProject
Project("{FAE04EC0-301F-11D3-BF4B-00C04F79EFBC}") = "Lesson_10_03", "Lesson_10_04\Lesson_10_03.csproj", "{3D753D64-3ECC-4992-BF08-483606ACD373}"
EndProject
Project("{FAE04EC0-301F-11D3-BF4B-00C04F79EFBC}") = "Lesson_10_02", "Lesson_10_02\Lesson_10_02.csproj", "{08974A13-0BB9-42A6-AD6B-6F6A03075A77}"
EndProject
Project("{FAE04EC0-301F-11D3-BF4B-00C04F79EFBC}") = "Chapter_06_02", "Chapter_06_02\Chapter_06_02.csproj", "{AC83EC56-760C-473D-A5BC-0BA722F388B2}"
EndProject
Project("{FAE04EC0-301F-11D3-BF4B-00C04F79EFBC}") = "Chapter_07_02", "Chapter_07_02\Chapter_07_02.csproj", "{7BE58F4D-DF8C-4C16-A88E-31A8E2D94E34}"
EndProject
Project("{FAE04EC0-301F-11D3-BF4B-00C04F79EFBC}") = "Chapter_06_03", "Chapter_06_03\Chapter_06_03.csproj", "{4D914250-BD07-48F7-8938-5F283020CE98}"
EndProject
Project("{FAE04EC0-301F-11D3-BF4B-00C04F79EFBC}") = "Chapter_07_03", "Chapter_07_03\Chapter_07_03.csproj", "{A0262FFE-3C29-46F9-95DB-0C01116E2F61}"
EndProject
Project("{FAE04EC0-301F-11D3-BF4B-00C04F79EFBC}") = "Chapter_06_04", "Chapter_06_04\Chapter_06_04.csproj", "{6BA1C7DA-5C4D-4B6C-804E-4019DA8AE5BF}"
EndProject
Project("{2150E333-8FDC-42A3-9474-1A3956D46DE8}") = "Chapter_06", "Chapter_06", "{3660D754-BE3A-45DC-9724-C8B2C7D0A88A}"
EndProject
Project("{2150E333-8FDC-42A3-9474-1A3956D46DE8}") = "Chapter_07", "Chapter_07", "{338CEF0F-F1A8-42A5-907B-853A262CE572}"
EndProject
Project("{FAE04EC0-301F-11D3-BF4B-00C04F79EFBC}") = "ConsoleApp7", "ConsoleApp7\ConsoleApp7.csproj", "{C545AAE6-6FB4-45BE-B5A1-CD049098CA52}"
EndProject
Project("{FAE04EC0-301F-11D3-BF4B-00C04F79EFBC}") = "Chapter_07_04", "Chapter_07_04\Chapter_07_04.csproj", "{A39BE4D2-A4BB-4F7B-878D-EE1DF15CF0BB}"
EndProject
Project("{FAE04EC0-301F-11D3-BF4B-00C04F79EFBC}") = "ConsoleApp8", "ConsoleApp8\ConsoleApp8.csproj", "{AB700B2A-436A-412C-B35D-01310EA55C1B}"
EndProject
Project("{FAE04EC0-301F-11D3-BF4B-00C04F79EFBC}") = "ConsoleApp9", "ConsoleApp9\ConsoleApp9.csproj", "{F3C85701-578B-4DA9-9A43-F98F0D361143}"
EndProject
Project("{FAE04EC0-301F-11D3-BF4B-00C04F79EFBC}") = "Chapter_06_05", "Chapter_06_05\Chapter_06_05.csproj", "{F2110B12-3874-4E67-961F-7C0C4E5A420C}"
EndProject
Project("{2150E333-8FDC-42A3-9474-1A3956D46DE8}") = "Draft", "Draft", "{33DA1FE8-83E9-4D54-94E3-DC14225188EE}"
EndProject
Project("{FAE04EC0-301F-11D3-BF4B-00C04F79EFBC}") = "ConsoleApp10", "ConsoleApp10\ConsoleApp10.csproj", "{9567620C-E17E-4868-B285-E93B1500E59B}"
EndProject
Project("{FAE04EC0-301F-11D3-BF4B-00C04F79EFBC}") = "ConsoleApp11", "ConsoleApp11\ConsoleApp11.csproj", "{A212C8B2-58D1-4E52-8098-15B98E8C97E6}"
EndProject
Project("{FAE04EC0-301F-11D3-BF4B-00C04F79EFBC}") = "ConsoleApp12", "ConsoleApp12\ConsoleApp12.csproj", "{865C005C-FD2C-4A7B-90C6-8B35F7A2F3B6}"
EndProject
Project("{FAE04EC0-301F-11D3-BF4B-00C04F79EFBC}") = "Chapter_06_06", "Chapter_06_06\Chapter_06_06.csproj", "{48D1B1DC-13EE-490F-BC5D-80D55DD5595C}"
EndProject
Project("{FAE04EC0-301F-11D3-BF4B-00C04F79EFBC}") = "Chapter_07_05", "Chapter_07_05\Chapter_07_05.csproj", "{4CC67FC4-8DC5-4B02-8069-1019BFC0E68D}"
EndProject
Project("{FAE04EC0-301F-11D3-BF4B-00C04F79EFBC}") = "Lesson_11_02", "Lesson_11_04\Lesson_11_02.csproj", "{C648A11E-4805-4C74-9F4F-26DC831439FD}"
EndProject
Project("{FAE04EC0-301F-11D3-BF4B-00C04F79EFBC}") = "ConsoleApp13", "ConsoleApp13\ConsoleApp13.csproj", "{671F7F8B-5355-47BE-BA9A-FBF90FBC0279}"
EndProject
Project("{FAE04EC0-301F-11D3-BF4B-00C04F79EFBC}") = "ConsoleApp14", "ConsoleApp14\ConsoleApp14.csproj", "{3E62DEE0-5E18-4131-9D2E-48E803242F9A}"
EndProject
Project("{FAE04EC0-301F-11D3-BF4B-00C04F79EFBC}") = "Chapter_07_06", "Chapter_07_06\Chapter_07_06.csproj", "{8F0812C1-D902-4E16-BEAE-03DEE8E986EB}"
EndProject
Global
	GlobalSection(SolutionConfigurationPlatforms) = preSolution
		Debug|Any CPU = Debug|Any CPU
		Release|Any CPU = Release|Any CPU
	EndGlobalSection
	GlobalSection(ProjectConfigurationPlatforms) = postSolution
		{01A87F1C-19F7-452F-A8BD-062D7307EFD2}.Debug|Any CPU.ActiveCfg = Debug|Any CPU
		{01A87F1C-19F7-452F-A8BD-062D7307EFD2}.Debug|Any CPU.Build.0 = Debug|Any CPU
		{01A87F1C-19F7-452F-A8BD-062D7307EFD2}.Release|Any CPU.ActiveCfg = Release|Any CPU
		{01A87F1C-19F7-452F-A8BD-062D7307EFD2}.Release|Any CPU.Build.0 = Release|Any CPU
		{17107721-B8BC-46FD-807E-5A043F170E0A}.Debug|Any CPU.ActiveCfg = Debug|Any CPU
		{17107721-B8BC-46FD-807E-5A043F170E0A}.Debug|Any CPU.Build.0 = Debug|Any CPU
		{17107721-B8BC-46FD-807E-5A043F170E0A}.Release|Any CPU.ActiveCfg = Release|Any CPU
		{17107721-B8BC-46FD-807E-5A043F170E0A}.Release|Any CPU.Build.0 = Release|Any CPU
		{36472D8C-AF36-44D2-B416-DCB44EED0680}.Debug|Any CPU.ActiveCfg = Debug|Any CPU
		{36472D8C-AF36-44D2-B416-DCB44EED0680}.Debug|Any CPU.Build.0 = Debug|Any CPU
		{36472D8C-AF36-44D2-B416-DCB44EED0680}.Release|Any CPU.ActiveCfg = Release|Any CPU
		{36472D8C-AF36-44D2-B416-DCB44EED0680}.Release|Any CPU.Build.0 = Release|Any CPU
		{485997BD-3672-4B6B-A4FB-303D18DCC776}.Debug|Any CPU.ActiveCfg = Debug|Any CPU
		{485997BD-3672-4B6B-A4FB-303D18DCC776}.Debug|Any CPU.Build.0 = Debug|Any CPU
		{485997BD-3672-4B6B-A4FB-303D18DCC776}.Release|Any CPU.ActiveCfg = Release|Any CPU
		{485997BD-3672-4B6B-A4FB-303D18DCC776}.Release|Any CPU.Build.0 = Release|Any CPU
		{88777EE1-CFAB-4724-97A2-E415D904FBE0}.Debug|Any CPU.ActiveCfg = Debug|Any CPU
		{88777EE1-CFAB-4724-97A2-E415D904FBE0}.Debug|Any CPU.Build.0 = Debug|Any CPU
		{88777EE1-CFAB-4724-97A2-E415D904FBE0}.Release|Any CPU.ActiveCfg = Release|Any CPU
		{88777EE1-CFAB-4724-97A2-E415D904FBE0}.Release|Any CPU.Build.0 = Release|Any CPU
		{FB2679FE-9474-403B-A892-0242903BEA5D}.Debug|Any CPU.ActiveCfg = Debug|Any CPU
		{FB2679FE-9474-403B-A892-0242903BEA5D}.Debug|Any CPU.Build.0 = Debug|Any CPU
		{FB2679FE-9474-403B-A892-0242903BEA5D}.Release|Any CPU.ActiveCfg = Release|Any CPU
		{FB2679FE-9474-403B-A892-0242903BEA5D}.Release|Any CPU.Build.0 = Release|Any CPU
		{1F9C8F17-8FB6-4CA2-BCBE-44C78BC4C5F4}.Debug|Any CPU.ActiveCfg = Debug|Any CPU
		{1F9C8F17-8FB6-4CA2-BCBE-44C78BC4C5F4}.Debug|Any CPU.Build.0 = Debug|Any CPU
		{1F9C8F17-8FB6-4CA2-BCBE-44C78BC4C5F4}.Release|Any CPU.ActiveCfg = Release|Any CPU
		{1F9C8F17-8FB6-4CA2-BCBE-44C78BC4C5F4}.Release|Any CPU.Build.0 = Release|Any CPU
		{B824D7EE-14DD-487C-B21D-8BE3920AF0FE}.Debug|Any CPU.ActiveCfg = Debug|Any CPU
		{B824D7EE-14DD-487C-B21D-8BE3920AF0FE}.Debug|Any CPU.Build.0 = Debug|Any CPU
		{B824D7EE-14DD-487C-B21D-8BE3920AF0FE}.Release|Any CPU.ActiveCfg = Release|Any CPU
		{B824D7EE-14DD-487C-B21D-8BE3920AF0FE}.Release|Any CPU.Build.0 = Release|Any CPU
		{982B168A-5DF7-4A93-9160-37A75F3EDEBF}.Debug|Any CPU.ActiveCfg = Debug|Any CPU
		{982B168A-5DF7-4A93-9160-37A75F3EDEBF}.Debug|Any CPU.Build.0 = Debug|Any CPU
		{982B168A-5DF7-4A93-9160-37A75F3EDEBF}.Release|Any CPU.ActiveCfg = Release|Any CPU
		{982B168A-5DF7-4A93-9160-37A75F3EDEBF}.Release|Any CPU.Build.0 = Release|Any CPU
		{A1648096-9408-4DC5-9656-F039D5A65C1A}.Debug|Any CPU.ActiveCfg = Debug|Any CPU
		{A1648096-9408-4DC5-9656-F039D5A65C1A}.Debug|Any CPU.Build.0 = Debug|Any CPU
		{A1648096-9408-4DC5-9656-F039D5A65C1A}.Release|Any CPU.ActiveCfg = Release|Any CPU
		{A1648096-9408-4DC5-9656-F039D5A65C1A}.Release|Any CPU.Build.0 = Release|Any CPU
		{DDF61F52-E175-40E1-82CC-F90FF521063F}.Debug|Any CPU.ActiveCfg = Debug|Any CPU
		{DDF61F52-E175-40E1-82CC-F90FF521063F}.Debug|Any CPU.Build.0 = Debug|Any CPU
		{DDF61F52-E175-40E1-82CC-F90FF521063F}.Release|Any CPU.ActiveCfg = Release|Any CPU
		{DDF61F52-E175-40E1-82CC-F90FF521063F}.Release|Any CPU.Build.0 = Release|Any CPU
		{4BF12BDF-2D19-4E52-84FE-94E84FDE6B02}.Debug|Any CPU.ActiveCfg = Debug|Any CPU
		{4BF12BDF-2D19-4E52-84FE-94E84FDE6B02}.Debug|Any CPU.Build.0 = Debug|Any CPU
		{4BF12BDF-2D19-4E52-84FE-94E84FDE6B02}.Release|Any CPU.ActiveCfg = Release|Any CPU
		{4BF12BDF-2D19-4E52-84FE-94E84FDE6B02}.Release|Any CPU.Build.0 = Release|Any CPU
		{E9666B3F-E574-47B7-8A2E-A0400FFF95A6}.Debug|Any CPU.ActiveCfg = Debug|Any CPU
		{E9666B3F-E574-47B7-8A2E-A0400FFF95A6}.Debug|Any CPU.Build.0 = Debug|Any CPU
		{E9666B3F-E574-47B7-8A2E-A0400FFF95A6}.Release|Any CPU.ActiveCfg = Release|Any CPU
		{E9666B3F-E574-47B7-8A2E-A0400FFF95A6}.Release|Any CPU.Build.0 = Release|Any CPU
		{D480B534-0C5E-41FA-9820-B5FF27CBECC2}.Debug|Any CPU.ActiveCfg = Debug|Any CPU
		{D480B534-0C5E-41FA-9820-B5FF27CBECC2}.Debug|Any CPU.Build.0 = Debug|Any CPU
		{D480B534-0C5E-41FA-9820-B5FF27CBECC2}.Release|Any CPU.ActiveCfg = Release|Any CPU
		{D480B534-0C5E-41FA-9820-B5FF27CBECC2}.Release|Any CPU.Build.0 = Release|Any CPU
		{DADE2C70-2F11-4575-A511-63A17433960F}.Debug|Any CPU.ActiveCfg = Debug|Any CPU
		{DADE2C70-2F11-4575-A511-63A17433960F}.Debug|Any CPU.Build.0 = Debug|Any CPU
		{DADE2C70-2F11-4575-A511-63A17433960F}.Release|Any CPU.ActiveCfg = Release|Any CPU
		{DADE2C70-2F11-4575-A511-63A17433960F}.Release|Any CPU.Build.0 = Release|Any CPU
		{5326AB11-0652-4652-91DC-32B022EBB698}.Debug|Any CPU.ActiveCfg = Debug|Any CPU
		{5326AB11-0652-4652-91DC-32B022EBB698}.Debug|Any CPU.Build.0 = Debug|Any CPU
		{5326AB11-0652-4652-91DC-32B022EBB698}.Release|Any CPU.ActiveCfg = Release|Any CPU
		{5326AB11-0652-4652-91DC-32B022EBB698}.Release|Any CPU.Build.0 = Release|Any CPU
		{74B7D5B2-576D-4726-BAFF-5EA1C8218FEC}.Debug|Any CPU.ActiveCfg = Debug|Any CPU
		{74B7D5B2-576D-4726-BAFF-5EA1C8218FEC}.Debug|Any CPU.Build.0 = Debug|Any CPU
		{74B7D5B2-576D-4726-BAFF-5EA1C8218FEC}.Release|Any CPU.ActiveCfg = Release|Any CPU
		{74B7D5B2-576D-4726-BAFF-5EA1C8218FEC}.Release|Any CPU.Build.0 = Release|Any CPU
		{20B6DC25-78E0-41D1-AC4E-A23612DA70D6}.Debug|Any CPU.ActiveCfg = Debug|Any CPU
		{20B6DC25-78E0-41D1-AC4E-A23612DA70D6}.Debug|Any CPU.Build.0 = Debug|Any CPU
		{20B6DC25-78E0-41D1-AC4E-A23612DA70D6}.Release|Any CPU.ActiveCfg = Release|Any CPU
		{20B6DC25-78E0-41D1-AC4E-A23612DA70D6}.Release|Any CPU.Build.0 = Release|Any CPU
		{8AB48BF4-D214-45AB-A918-0C5FDE03A143}.Debug|Any CPU.ActiveCfg = Debug|Any CPU
		{8AB48BF4-D214-45AB-A918-0C5FDE03A143}.Debug|Any CPU.Build.0 = Debug|Any CPU
		{8AB48BF4-D214-45AB-A918-0C5FDE03A143}.Release|Any CPU.ActiveCfg = Release|Any CPU
		{8AB48BF4-D214-45AB-A918-0C5FDE03A143}.Release|Any CPU.Build.0 = Release|Any CPU
		{4371470E-58D7-422E-A26A-CC72B534BA13}.Debug|Any CPU.ActiveCfg = Debug|Any CPU
		{4371470E-58D7-422E-A26A-CC72B534BA13}.Debug|Any CPU.Build.0 = Debug|Any CPU
		{4371470E-58D7-422E-A26A-CC72B534BA13}.Release|Any CPU.ActiveCfg = Release|Any CPU
		{4371470E-58D7-422E-A26A-CC72B534BA13}.Release|Any CPU.Build.0 = Release|Any CPU
		{DB59FEEE-0E11-455F-A3EA-6D29F4D7CE82}.Debug|Any CPU.ActiveCfg = Debug|Any CPU
		{DB59FEEE-0E11-455F-A3EA-6D29F4D7CE82}.Debug|Any CPU.Build.0 = Debug|Any CPU
		{DB59FEEE-0E11-455F-A3EA-6D29F4D7CE82}.Release|Any CPU.ActiveCfg = Release|Any CPU
		{DB59FEEE-0E11-455F-A3EA-6D29F4D7CE82}.Release|Any CPU.Build.0 = Release|Any CPU
		{6C418A0E-8983-4A16-AACE-0D26125324D6}.Debug|Any CPU.ActiveCfg = Debug|Any CPU
		{6C418A0E-8983-4A16-AACE-0D26125324D6}.Debug|Any CPU.Build.0 = Debug|Any CPU
		{6C418A0E-8983-4A16-AACE-0D26125324D6}.Release|Any CPU.ActiveCfg = Release|Any CPU
		{6C418A0E-8983-4A16-AACE-0D26125324D6}.Release|Any CPU.Build.0 = Release|Any CPU
		{D8678EB1-576D-480C-8D72-4FB5D17882B7}.Debug|Any CPU.ActiveCfg = Debug|Any CPU
		{D8678EB1-576D-480C-8D72-4FB5D17882B7}.Debug|Any CPU.Build.0 = Debug|Any CPU
		{D8678EB1-576D-480C-8D72-4FB5D17882B7}.Release|Any CPU.ActiveCfg = Release|Any CPU
		{D8678EB1-576D-480C-8D72-4FB5D17882B7}.Release|Any CPU.Build.0 = Release|Any CPU
		{49611B7C-00E3-4DA3-9B0F-25DF8390F375}.Debug|Any CPU.ActiveCfg = Debug|Any CPU
		{49611B7C-00E3-4DA3-9B0F-25DF8390F375}.Debug|Any CPU.Build.0 = Debug|Any CPU
		{49611B7C-00E3-4DA3-9B0F-25DF8390F375}.Release|Any CPU.ActiveCfg = Release|Any CPU
		{49611B7C-00E3-4DA3-9B0F-25DF8390F375}.Release|Any CPU.Build.0 = Release|Any CPU
		{47ED3A0A-6F95-4F96-8A73-A39E16E703C9}.Debug|Any CPU.ActiveCfg = Debug|Any CPU
		{47ED3A0A-6F95-4F96-8A73-A39E16E703C9}.Debug|Any CPU.Build.0 = Debug|Any CPU
		{47ED3A0A-6F95-4F96-8A73-A39E16E703C9}.Release|Any CPU.ActiveCfg = Release|Any CPU
		{47ED3A0A-6F95-4F96-8A73-A39E16E703C9}.Release|Any CPU.Build.0 = Release|Any CPU
		{7EE8E9A1-01CD-4E0D-8930-03A1C7213A6E}.Debug|Any CPU.ActiveCfg = Debug|Any CPU
		{7EE8E9A1-01CD-4E0D-8930-03A1C7213A6E}.Debug|Any CPU.Build.0 = Debug|Any CPU
		{7EE8E9A1-01CD-4E0D-8930-03A1C7213A6E}.Release|Any CPU.ActiveCfg = Release|Any CPU
		{7EE8E9A1-01CD-4E0D-8930-03A1C7213A6E}.Release|Any CPU.Build.0 = Release|Any CPU
		{B38E6D05-3CAD-42A1-A15A-F715C83B3780}.Debug|Any CPU.ActiveCfg = Debug|Any CPU
		{B38E6D05-3CAD-42A1-A15A-F715C83B3780}.Debug|Any CPU.Build.0 = Debug|Any CPU
		{B38E6D05-3CAD-42A1-A15A-F715C83B3780}.Release|Any CPU.ActiveCfg = Release|Any CPU
		{B38E6D05-3CAD-42A1-A15A-F715C83B3780}.Release|Any CPU.Build.0 = Release|Any CPU
		{43F76473-10BB-4B3A-A198-88C743AA047B}.Debug|Any CPU.ActiveCfg = Debug|Any CPU
		{43F76473-10BB-4B3A-A198-88C743AA047B}.Debug|Any CPU.Build.0 = Debug|Any CPU
		{43F76473-10BB-4B3A-A198-88C743AA047B}.Release|Any CPU.ActiveCfg = Release|Any CPU
		{43F76473-10BB-4B3A-A198-88C743AA047B}.Release|Any CPU.Build.0 = Release|Any CPU
		{B376814E-BC53-41BB-BFA7-A715763A6B7A}.Debug|Any CPU.ActiveCfg = Debug|Any CPU
		{B376814E-BC53-41BB-BFA7-A715763A6B7A}.Debug|Any CPU.Build.0 = Debug|Any CPU
		{B376814E-BC53-41BB-BFA7-A715763A6B7A}.Release|Any CPU.ActiveCfg = Release|Any CPU
		{B376814E-BC53-41BB-BFA7-A715763A6B7A}.Release|Any CPU.Build.0 = Release|Any CPU
		{1D7E9A01-2653-493C-B7E4-ABC9CB55CC8E}.Debug|Any CPU.ActiveCfg = Debug|Any CPU
		{1D7E9A01-2653-493C-B7E4-ABC9CB55CC8E}.Debug|Any CPU.Build.0 = Debug|Any CPU
		{1D7E9A01-2653-493C-B7E4-ABC9CB55CC8E}.Release|Any CPU.ActiveCfg = Release|Any CPU
		{1D7E9A01-2653-493C-B7E4-ABC9CB55CC8E}.Release|Any CPU.Build.0 = Release|Any CPU
		{AE8C4E69-CC2B-4A09-B515-2EE7D649AD52}.Debug|Any CPU.ActiveCfg = Debug|Any CPU
		{AE8C4E69-CC2B-4A09-B515-2EE7D649AD52}.Debug|Any CPU.Build.0 = Debug|Any CPU
		{AE8C4E69-CC2B-4A09-B515-2EE7D649AD52}.Release|Any CPU.ActiveCfg = Release|Any CPU
		{AE8C4E69-CC2B-4A09-B515-2EE7D649AD52}.Release|Any CPU.Build.0 = Release|Any CPU
		{0F46735D-4553-4FCA-876B-92A7602DDD65}.Debug|Any CPU.ActiveCfg = Debug|Any CPU
		{0F46735D-4553-4FCA-876B-92A7602DDD65}.Debug|Any CPU.Build.0 = Debug|Any CPU
		{0F46735D-4553-4FCA-876B-92A7602DDD65}.Release|Any CPU.ActiveCfg = Release|Any CPU
		{0F46735D-4553-4FCA-876B-92A7602DDD65}.Release|Any CPU.Build.0 = Release|Any CPU
		{A20627B1-C38E-4D7A-BE58-A076BF5DC654}.Debug|Any CPU.ActiveCfg = Debug|Any CPU
		{A20627B1-C38E-4D7A-BE58-A076BF5DC654}.Debug|Any CPU.Build.0 = Debug|Any CPU
		{A20627B1-C38E-4D7A-BE58-A076BF5DC654}.Release|Any CPU.ActiveCfg = Release|Any CPU
		{A20627B1-C38E-4D7A-BE58-A076BF5DC654}.Release|Any CPU.Build.0 = Release|Any CPU
		{949B0D2C-55AB-4987-850D-4CE5C05A5CDB}.Debug|Any CPU.ActiveCfg = Debug|Any CPU
		{949B0D2C-55AB-4987-850D-4CE5C05A5CDB}.Debug|Any CPU.Build.0 = Debug|Any CPU
		{949B0D2C-55AB-4987-850D-4CE5C05A5CDB}.Release|Any CPU.ActiveCfg = Release|Any CPU
		{949B0D2C-55AB-4987-850D-4CE5C05A5CDB}.Release|Any CPU.Build.0 = Release|Any CPU
		{AA173844-4669-406F-9756-85497D571936}.Debug|Any CPU.ActiveCfg = Debug|Any CPU
		{AA173844-4669-406F-9756-85497D571936}.Debug|Any CPU.Build.0 = Debug|Any CPU
		{AA173844-4669-406F-9756-85497D571936}.Release|Any CPU.ActiveCfg = Release|Any CPU
		{AA173844-4669-406F-9756-85497D571936}.Release|Any CPU.Build.0 = Release|Any CPU
		{296868F2-DA33-4F26-AD96-41D71830377C}.Debug|Any CPU.ActiveCfg = Debug|Any CPU
		{296868F2-DA33-4F26-AD96-41D71830377C}.Debug|Any CPU.Build.0 = Debug|Any CPU
		{296868F2-DA33-4F26-AD96-41D71830377C}.Release|Any CPU.ActiveCfg = Release|Any CPU
		{296868F2-DA33-4F26-AD96-41D71830377C}.Release|Any CPU.Build.0 = Release|Any CPU
		{83FAA064-E83F-482A-A734-C3FD3F6719A3}.Debug|Any CPU.ActiveCfg = Debug|Any CPU
		{83FAA064-E83F-482A-A734-C3FD3F6719A3}.Debug|Any CPU.Build.0 = Debug|Any CPU
		{83FAA064-E83F-482A-A734-C3FD3F6719A3}.Release|Any CPU.ActiveCfg = Release|Any CPU
		{83FAA064-E83F-482A-A734-C3FD3F6719A3}.Release|Any CPU.Build.0 = Release|Any CPU
		{D39B293A-B919-49B4-98FA-237A0BDC8D37}.Debug|Any CPU.ActiveCfg = Debug|Any CPU
		{D39B293A-B919-49B4-98FA-237A0BDC8D37}.Debug|Any CPU.Build.0 = Debug|Any CPU
		{D39B293A-B919-49B4-98FA-237A0BDC8D37}.Release|Any CPU.ActiveCfg = Release|Any CPU
		{D39B293A-B919-49B4-98FA-237A0BDC8D37}.Release|Any CPU.Build.0 = Release|Any CPU
		{4F740DE7-2B53-47DE-AEF1-BF0CC2F74A86}.Debug|Any CPU.ActiveCfg = Debug|Any CPU
		{4F740DE7-2B53-47DE-AEF1-BF0CC2F74A86}.Debug|Any CPU.Build.0 = Debug|Any CPU
		{4F740DE7-2B53-47DE-AEF1-BF0CC2F74A86}.Release|Any CPU.ActiveCfg = Release|Any CPU
		{4F740DE7-2B53-47DE-AEF1-BF0CC2F74A86}.Release|Any CPU.Build.0 = Release|Any CPU
		{9BC2B14B-A447-4468-A31A-0D916FFDF626}.Debug|Any CPU.ActiveCfg = Debug|Any CPU
		{9BC2B14B-A447-4468-A31A-0D916FFDF626}.Debug|Any CPU.Build.0 = Debug|Any CPU
		{9BC2B14B-A447-4468-A31A-0D916FFDF626}.Release|Any CPU.ActiveCfg = Release|Any CPU
		{9BC2B14B-A447-4468-A31A-0D916FFDF626}.Release|Any CPU.Build.0 = Release|Any CPU
		{D4D9BCA9-D4B7-4E5B-922E-06CBAB1F0A85}.Debug|Any CPU.ActiveCfg = Debug|Any CPU
		{D4D9BCA9-D4B7-4E5B-922E-06CBAB1F0A85}.Debug|Any CPU.Build.0 = Debug|Any CPU
		{D4D9BCA9-D4B7-4E5B-922E-06CBAB1F0A85}.Release|Any CPU.ActiveCfg = Release|Any CPU
		{D4D9BCA9-D4B7-4E5B-922E-06CBAB1F0A85}.Release|Any CPU.Build.0 = Release|Any CPU
		{A2A2AD62-70C5-4F3C-A075-F31A698F6CE0}.Debug|Any CPU.ActiveCfg = Debug|Any CPU
		{A2A2AD62-70C5-4F3C-A075-F31A698F6CE0}.Debug|Any CPU.Build.0 = Debug|Any CPU
		{A2A2AD62-70C5-4F3C-A075-F31A698F6CE0}.Release|Any CPU.ActiveCfg = Release|Any CPU
		{A2A2AD62-70C5-4F3C-A075-F31A698F6CE0}.Release|Any CPU.Build.0 = Release|Any CPU
		{C3D67D7B-014B-4697-86C8-B5987D6DBED8}.Debug|Any CPU.ActiveCfg = Debug|Any CPU
		{C3D67D7B-014B-4697-86C8-B5987D6DBED8}.Debug|Any CPU.Build.0 = Debug|Any CPU
		{C3D67D7B-014B-4697-86C8-B5987D6DBED8}.Release|Any CPU.ActiveCfg = Release|Any CPU
		{C3D67D7B-014B-4697-86C8-B5987D6DBED8}.Release|Any CPU.Build.0 = Release|Any CPU
		{75EAF1E6-FFCE-4CFD-84DE-3E6E45BC376E}.Debug|Any CPU.ActiveCfg = Debug|Any CPU
		{75EAF1E6-FFCE-4CFD-84DE-3E6E45BC376E}.Debug|Any CPU.Build.0 = Debug|Any CPU
		{75EAF1E6-FFCE-4CFD-84DE-3E6E45BC376E}.Release|Any CPU.ActiveCfg = Release|Any CPU
		{75EAF1E6-FFCE-4CFD-84DE-3E6E45BC376E}.Release|Any CPU.Build.0 = Release|Any CPU
		{814CEBD1-9B8F-49E9-A3E1-983803F9728E}.Debug|Any CPU.ActiveCfg = Debug|Any CPU
		{814CEBD1-9B8F-49E9-A3E1-983803F9728E}.Debug|Any CPU.Build.0 = Debug|Any CPU
		{814CEBD1-9B8F-49E9-A3E1-983803F9728E}.Release|Any CPU.ActiveCfg = Release|Any CPU
		{814CEBD1-9B8F-49E9-A3E1-983803F9728E}.Release|Any CPU.Build.0 = Release|Any CPU
		{1EDB520D-BE54-429A-B623-6D3E5BB4B510}.Debug|Any CPU.ActiveCfg = Debug|Any CPU
		{1EDB520D-BE54-429A-B623-6D3E5BB4B510}.Debug|Any CPU.Build.0 = Debug|Any CPU
		{1EDB520D-BE54-429A-B623-6D3E5BB4B510}.Release|Any CPU.ActiveCfg = Release|Any CPU
		{1EDB520D-BE54-429A-B623-6D3E5BB4B510}.Release|Any CPU.Build.0 = Release|Any CPU
		{04CC7FCA-08A7-435A-8493-515D02C7125B}.Debug|Any CPU.ActiveCfg = Debug|Any CPU
		{04CC7FCA-08A7-435A-8493-515D02C7125B}.Debug|Any CPU.Build.0 = Debug|Any CPU
		{04CC7FCA-08A7-435A-8493-515D02C7125B}.Release|Any CPU.ActiveCfg = Release|Any CPU
		{04CC7FCA-08A7-435A-8493-515D02C7125B}.Release|Any CPU.Build.0 = Release|Any CPU
		{6A25CFF5-C5C0-4709-B3D5-A6B98E67DF86}.Debug|Any CPU.ActiveCfg = Debug|Any CPU
		{6A25CFF5-C5C0-4709-B3D5-A6B98E67DF86}.Debug|Any CPU.Build.0 = Debug|Any CPU
		{6A25CFF5-C5C0-4709-B3D5-A6B98E67DF86}.Release|Any CPU.ActiveCfg = Release|Any CPU
		{6A25CFF5-C5C0-4709-B3D5-A6B98E67DF86}.Release|Any CPU.Build.0 = Release|Any CPU
		{EF5185DF-C8FC-401D-98ED-39FC2C4BEA3B}.Debug|Any CPU.ActiveCfg = Debug|Any CPU
		{EF5185DF-C8FC-401D-98ED-39FC2C4BEA3B}.Debug|Any CPU.Build.0 = Debug|Any CPU
		{EF5185DF-C8FC-401D-98ED-39FC2C4BEA3B}.Release|Any CPU.ActiveCfg = Release|Any CPU
		{EF5185DF-C8FC-401D-98ED-39FC2C4BEA3B}.Release|Any CPU.Build.0 = Release|Any CPU
		{D3F86FE0-2F07-4EF3-B2D0-5124FDB764C0}.Debug|Any CPU.ActiveCfg = Debug|Any CPU
		{D3F86FE0-2F07-4EF3-B2D0-5124FDB764C0}.Debug|Any CPU.Build.0 = Debug|Any CPU
		{D3F86FE0-2F07-4EF3-B2D0-5124FDB764C0}.Release|Any CPU.ActiveCfg = Release|Any CPU
		{D3F86FE0-2F07-4EF3-B2D0-5124FDB764C0}.Release|Any CPU.Build.0 = Release|Any CPU
		{5903CA0A-D625-4161-A5AA-E98641079925}.Debug|Any CPU.ActiveCfg = Debug|Any CPU
		{5903CA0A-D625-4161-A5AA-E98641079925}.Debug|Any CPU.Build.0 = Debug|Any CPU
		{5903CA0A-D625-4161-A5AA-E98641079925}.Release|Any CPU.ActiveCfg = Release|Any CPU
		{5903CA0A-D625-4161-A5AA-E98641079925}.Release|Any CPU.Build.0 = Release|Any CPU
		{3D753D64-3ECC-4992-BF08-483606ACD373}.Debug|Any CPU.ActiveCfg = Debug|Any CPU
		{3D753D64-3ECC-4992-BF08-483606ACD373}.Debug|Any CPU.Build.0 = Debug|Any CPU
		{3D753D64-3ECC-4992-BF08-483606ACD373}.Release|Any CPU.ActiveCfg = Release|Any CPU
		{3D753D64-3ECC-4992-BF08-483606ACD373}.Release|Any CPU.Build.0 = Release|Any CPU
		{08974A13-0BB9-42A6-AD6B-6F6A03075A77}.Debug|Any CPU.ActiveCfg = Debug|Any CPU
		{08974A13-0BB9-42A6-AD6B-6F6A03075A77}.Debug|Any CPU.Build.0 = Debug|Any CPU
		{08974A13-0BB9-42A6-AD6B-6F6A03075A77}.Release|Any CPU.ActiveCfg = Release|Any CPU
		{08974A13-0BB9-42A6-AD6B-6F6A03075A77}.Release|Any CPU.Build.0 = Release|Any CPU
		{AC83EC56-760C-473D-A5BC-0BA722F388B2}.Debug|Any CPU.ActiveCfg = Debug|Any CPU
		{AC83EC56-760C-473D-A5BC-0BA722F388B2}.Debug|Any CPU.Build.0 = Debug|Any CPU
		{AC83EC56-760C-473D-A5BC-0BA722F388B2}.Release|Any CPU.ActiveCfg = Release|Any CPU
		{AC83EC56-760C-473D-A5BC-0BA722F388B2}.Release|Any CPU.Build.0 = Release|Any CPU
		{7BE58F4D-DF8C-4C16-A88E-31A8E2D94E34}.Debug|Any CPU.ActiveCfg = Debug|Any CPU
		{7BE58F4D-DF8C-4C16-A88E-31A8E2D94E34}.Debug|Any CPU.Build.0 = Debug|Any CPU
		{7BE58F4D-DF8C-4C16-A88E-31A8E2D94E34}.Release|Any CPU.ActiveCfg = Release|Any CPU
		{7BE58F4D-DF8C-4C16-A88E-31A8E2D94E34}.Release|Any CPU.Build.0 = Release|Any CPU
		{4D914250-BD07-48F7-8938-5F283020CE98}.Debug|Any CPU.ActiveCfg = Debug|Any CPU
		{4D914250-BD07-48F7-8938-5F283020CE98}.Debug|Any CPU.Build.0 = Debug|Any CPU
		{4D914250-BD07-48F7-8938-5F283020CE98}.Release|Any CPU.ActiveCfg = Release|Any CPU
		{4D914250-BD07-48F7-8938-5F283020CE98}.Release|Any CPU.Build.0 = Release|Any CPU
		{A0262FFE-3C29-46F9-95DB-0C01116E2F61}.Debug|Any CPU.ActiveCfg = Debug|Any CPU
		{A0262FFE-3C29-46F9-95DB-0C01116E2F61}.Debug|Any CPU.Build.0 = Debug|Any CPU
		{A0262FFE-3C29-46F9-95DB-0C01116E2F61}.Release|Any CPU.ActiveCfg = Release|Any CPU
		{A0262FFE-3C29-46F9-95DB-0C01116E2F61}.Release|Any CPU.Build.0 = Release|Any CPU
		{6BA1C7DA-5C4D-4B6C-804E-4019DA8AE5BF}.Debug|Any CPU.ActiveCfg = Debug|Any CPU
		{6BA1C7DA-5C4D-4B6C-804E-4019DA8AE5BF}.Debug|Any CPU.Build.0 = Debug|Any CPU
		{6BA1C7DA-5C4D-4B6C-804E-4019DA8AE5BF}.Release|Any CPU.ActiveCfg = Release|Any CPU
		{6BA1C7DA-5C4D-4B6C-804E-4019DA8AE5BF}.Release|Any CPU.Build.0 = Release|Any CPU
		{C545AAE6-6FB4-45BE-B5A1-CD049098CA52}.Debug|Any CPU.ActiveCfg = Debug|Any CPU
		{C545AAE6-6FB4-45BE-B5A1-CD049098CA52}.Debug|Any CPU.Build.0 = Debug|Any CPU
		{C545AAE6-6FB4-45BE-B5A1-CD049098CA52}.Release|Any CPU.ActiveCfg = Release|Any CPU
		{C545AAE6-6FB4-45BE-B5A1-CD049098CA52}.Release|Any CPU.Build.0 = Release|Any CPU
		{A39BE4D2-A4BB-4F7B-878D-EE1DF15CF0BB}.Debug|Any CPU.ActiveCfg = Debug|Any CPU
		{A39BE4D2-A4BB-4F7B-878D-EE1DF15CF0BB}.Debug|Any CPU.Build.0 = Debug|Any CPU
		{A39BE4D2-A4BB-4F7B-878D-EE1DF15CF0BB}.Release|Any CPU.ActiveCfg = Release|Any CPU
		{A39BE4D2-A4BB-4F7B-878D-EE1DF15CF0BB}.Release|Any CPU.Build.0 = Release|Any CPU
		{AB700B2A-436A-412C-B35D-01310EA55C1B}.Debug|Any CPU.ActiveCfg = Debug|Any CPU
		{AB700B2A-436A-412C-B35D-01310EA55C1B}.Debug|Any CPU.Build.0 = Debug|Any CPU
		{AB700B2A-436A-412C-B35D-01310EA55C1B}.Release|Any CPU.ActiveCfg = Release|Any CPU
		{AB700B2A-436A-412C-B35D-01310EA55C1B}.Release|Any CPU.Build.0 = Release|Any CPU
		{F3C85701-578B-4DA9-9A43-F98F0D361143}.Debug|Any CPU.ActiveCfg = Debug|Any CPU
		{F3C85701-578B-4DA9-9A43-F98F0D361143}.Debug|Any CPU.Build.0 = Debug|Any CPU
		{F3C85701-578B-4DA9-9A43-F98F0D361143}.Release|Any CPU.ActiveCfg = Release|Any CPU
		{F3C85701-578B-4DA9-9A43-F98F0D361143}.Release|Any CPU.Build.0 = Release|Any CPU
		{F2110B12-3874-4E67-961F-7C0C4E5A420C}.Debug|Any CPU.ActiveCfg = Debug|Any CPU
		{F2110B12-3874-4E67-961F-7C0C4E5A420C}.Debug|Any CPU.Build.0 = Debug|Any CPU
		{F2110B12-3874-4E67-961F-7C0C4E5A420C}.Release|Any CPU.ActiveCfg = Release|Any CPU
		{F2110B12-3874-4E67-961F-7C0C4E5A420C}.Release|Any CPU.Build.0 = Release|Any CPU
		{9567620C-E17E-4868-B285-E93B1500E59B}.Debug|Any CPU.ActiveCfg = Debug|Any CPU
		{9567620C-E17E-4868-B285-E93B1500E59B}.Debug|Any CPU.Build.0 = Debug|Any CPU
		{9567620C-E17E-4868-B285-E93B1500E59B}.Release|Any CPU.ActiveCfg = Release|Any CPU
		{9567620C-E17E-4868-B285-E93B1500E59B}.Release|Any CPU.Build.0 = Release|Any CPU
		{A212C8B2-58D1-4E52-8098-15B98E8C97E6}.Debug|Any CPU.ActiveCfg = Debug|Any CPU
		{A212C8B2-58D1-4E52-8098-15B98E8C97E6}.Debug|Any CPU.Build.0 = Debug|Any CPU
		{A212C8B2-58D1-4E52-8098-15B98E8C97E6}.Release|Any CPU.ActiveCfg = Release|Any CPU
		{A212C8B2-58D1-4E52-8098-15B98E8C97E6}.Release|Any CPU.Build.0 = Release|Any CPU
		{865C005C-FD2C-4A7B-90C6-8B35F7A2F3B6}.Debug|Any CPU.ActiveCfg = Debug|Any CPU
		{865C005C-FD2C-4A7B-90C6-8B35F7A2F3B6}.Debug|Any CPU.Build.0 = Debug|Any CPU
		{865C005C-FD2C-4A7B-90C6-8B35F7A2F3B6}.Release|Any CPU.ActiveCfg = Release|Any CPU
		{865C005C-FD2C-4A7B-90C6-8B35F7A2F3B6}.Release|Any CPU.Build.0 = Release|Any CPU
		{48D1B1DC-13EE-490F-BC5D-80D55DD5595C}.Debug|Any CPU.ActiveCfg = Debug|Any CPU
		{48D1B1DC-13EE-490F-BC5D-80D55DD5595C}.Debug|Any CPU.Build.0 = Debug|Any CPU
		{48D1B1DC-13EE-490F-BC5D-80D55DD5595C}.Release|Any CPU.ActiveCfg = Release|Any CPU
		{48D1B1DC-13EE-490F-BC5D-80D55DD5595C}.Release|Any CPU.Build.0 = Release|Any CPU
		{4CC67FC4-8DC5-4B02-8069-1019BFC0E68D}.Debug|Any CPU.ActiveCfg = Debug|Any CPU
		{4CC67FC4-8DC5-4B02-8069-1019BFC0E68D}.Debug|Any CPU.Build.0 = Debug|Any CPU
		{4CC67FC4-8DC5-4B02-8069-1019BFC0E68D}.Release|Any CPU.ActiveCfg = Release|Any CPU
		{4CC67FC4-8DC5-4B02-8069-1019BFC0E68D}.Release|Any CPU.Build.0 = Release|Any CPU
		{C648A11E-4805-4C74-9F4F-26DC831439FD}.Debug|Any CPU.ActiveCfg = Debug|Any CPU
		{C648A11E-4805-4C74-9F4F-26DC831439FD}.Debug|Any CPU.Build.0 = Debug|Any CPU
		{C648A11E-4805-4C74-9F4F-26DC831439FD}.Release|Any CPU.ActiveCfg = Release|Any CPU
		{C648A11E-4805-4C74-9F4F-26DC831439FD}.Release|Any CPU.Build.0 = Release|Any CPU
		{671F7F8B-5355-47BE-BA9A-FBF90FBC0279}.Debug|Any CPU.ActiveCfg = Debug|Any CPU
		{671F7F8B-5355-47BE-BA9A-FBF90FBC0279}.Debug|Any CPU.Build.0 = Debug|Any CPU
		{671F7F8B-5355-47BE-BA9A-FBF90FBC0279}.Release|Any CPU.ActiveCfg = Release|Any CPU
		{671F7F8B-5355-47BE-BA9A-FBF90FBC0279}.Release|Any CPU.Build.0 = Release|Any CPU
		{3E62DEE0-5E18-4131-9D2E-48E803242F9A}.Debug|Any CPU.ActiveCfg = Debug|Any CPU
		{3E62DEE0-5E18-4131-9D2E-48E803242F9A}.Debug|Any CPU.Build.0 = Debug|Any CPU
		{3E62DEE0-5E18-4131-9D2E-48E803242F9A}.Release|Any CPU.ActiveCfg = Release|Any CPU
		{3E62DEE0-5E18-4131-9D2E-48E803242F9A}.Release|Any CPU.Build.0 = Release|Any CPU
		{8F0812C1-D902-4E16-BEAE-03DEE8E986EB}.Debug|Any CPU.ActiveCfg = Debug|Any CPU
		{8F0812C1-D902-4E16-BEAE-03DEE8E986EB}.Debug|Any CPU.Build.0 = Debug|Any CPU
		{8F0812C1-D902-4E16-BEAE-03DEE8E986EB}.Release|Any CPU.ActiveCfg = Release|Any CPU
		{8F0812C1-D902-4E16-BEAE-03DEE8E986EB}.Release|Any CPU.Build.0 = Release|Any CPU
	EndGlobalSection
	GlobalSection(SolutionProperties) = preSolution
		HideSolutionNode = FALSE
	EndGlobalSection
	GlobalSection(NestedProjects) = preSolution
		{01A87F1C-19F7-452F-A8BD-062D7307EFD2} = {F8D03A54-EA23-49D8-84D8-70C85A147699}
		{17107721-B8BC-46FD-807E-5A043F170E0A} = {F8D03A54-EA23-49D8-84D8-70C85A147699}
		{36472D8C-AF36-44D2-B416-DCB44EED0680} = {F8D03A54-EA23-49D8-84D8-70C85A147699}
		{485997BD-3672-4B6B-A4FB-303D18DCC776} = {F8D03A54-EA23-49D8-84D8-70C85A147699}
		{88777EE1-CFAB-4724-97A2-E415D904FBE0} = {F8D03A54-EA23-49D8-84D8-70C85A147699}
		{FB2679FE-9474-403B-A892-0242903BEA5D} = {33DA1FE8-83E9-4D54-94E3-DC14225188EE}
		{1F9C8F17-8FB6-4CA2-BCBE-44C78BC4C5F4} = {F8D03A54-EA23-49D8-84D8-70C85A147699}
		{B824D7EE-14DD-487C-B21D-8BE3920AF0FE} = {33DA1FE8-83E9-4D54-94E3-DC14225188EE}
		{982B168A-5DF7-4A93-9160-37A75F3EDEBF} = {F8D03A54-EA23-49D8-84D8-70C85A147699}
		{A1648096-9408-4DC5-9656-F039D5A65C1A} = {F8D03A54-EA23-49D8-84D8-70C85A147699}
		{DDF61F52-E175-40E1-82CC-F90FF521063F} = {B6DF6A26-3EB5-4BEA-AE92-A53A55007190}
		{4BF12BDF-2D19-4E52-84FE-94E84FDE6B02} = {B6DF6A26-3EB5-4BEA-AE92-A53A55007190}
		{E9666B3F-E574-47B7-8A2E-A0400FFF95A6} = {B6DF6A26-3EB5-4BEA-AE92-A53A55007190}
		{D480B534-0C5E-41FA-9820-B5FF27CBECC2} = {B6DF6A26-3EB5-4BEA-AE92-A53A55007190}
		{DADE2C70-2F11-4575-A511-63A17433960F} = {B6DF6A26-3EB5-4BEA-AE92-A53A55007190}
		{5326AB11-0652-4652-91DC-32B022EBB698} = {3660D754-BE3A-45DC-9724-C8B2C7D0A88A}
		{74B7D5B2-576D-4726-BAFF-5EA1C8218FEC} = {338CEF0F-F1A8-42A5-907B-853A262CE572}
		{20B6DC25-78E0-41D1-AC4E-A23612DA70D6} = {B6DF6A26-3EB5-4BEA-AE92-A53A55007190}
		{8AB48BF4-D214-45AB-A918-0C5FDE03A143} = {B6DF6A26-3EB5-4BEA-AE92-A53A55007190}
		{4371470E-58D7-422E-A26A-CC72B534BA13} = {B6DF6A26-3EB5-4BEA-AE92-A53A55007190}
		{DB59FEEE-0E11-455F-A3EA-6D29F4D7CE82} = {B6DF6A26-3EB5-4BEA-AE92-A53A55007190}
		{6C418A0E-8983-4A16-AACE-0D26125324D6} = {B6DF6A26-3EB5-4BEA-AE92-A53A55007190}
		{D8678EB1-576D-480C-8D72-4FB5D17882B7} = {B6DF6A26-3EB5-4BEA-AE92-A53A55007190}
		{49611B7C-00E3-4DA3-9B0F-25DF8390F375} = {B6DF6A26-3EB5-4BEA-AE92-A53A55007190}
		{47ED3A0A-6F95-4F96-8A73-A39E16E703C9} = {B6DF6A26-3EB5-4BEA-AE92-A53A55007190}
		{7EE8E9A1-01CD-4E0D-8930-03A1C7213A6E} = {B6DF6A26-3EB5-4BEA-AE92-A53A55007190}
		{B38E6D05-3CAD-42A1-A15A-F715C83B3780} = {B6DF6A26-3EB5-4BEA-AE92-A53A55007190}
		{43F76473-10BB-4B3A-A198-88C743AA047B} = {33DA1FE8-83E9-4D54-94E3-DC14225188EE}
		{B376814E-BC53-41BB-BFA7-A715763A6B7A} = {B6DF6A26-3EB5-4BEA-AE92-A53A55007190}
		{1D7E9A01-2653-493C-B7E4-ABC9CB55CC8E} = {F8D03A54-EA23-49D8-84D8-70C85A147699}
		{AE8C4E69-CC2B-4A09-B515-2EE7D649AD52} = {863712E9-7D94-4CAA-8375-268012B16B93}
		{0F46735D-4553-4FCA-876B-92A7602DDD65} = {33DA1FE8-83E9-4D54-94E3-DC14225188EE}
		{A20627B1-C38E-4D7A-BE58-A076BF5DC654} = {863712E9-7D94-4CAA-8375-268012B16B93}
		{949B0D2C-55AB-4987-850D-4CE5C05A5CDB} = {863712E9-7D94-4CAA-8375-268012B16B93}
		{AA173844-4669-406F-9756-85497D571936} = {863712E9-7D94-4CAA-8375-268012B16B93}
		{296868F2-DA33-4F26-AD96-41D71830377C} = {88463802-030F-4DC7-977E-0947B77648C7}
		{83FAA064-E83F-482A-A734-C3FD3F6719A3} = {88463802-030F-4DC7-977E-0947B77648C7}
		{D39B293A-B919-49B4-98FA-237A0BDC8D37} = {88463802-030F-4DC7-977E-0947B77648C7}
		{4F740DE7-2B53-47DE-AEF1-BF0CC2F74A86} = {88463802-030F-4DC7-977E-0947B77648C7}
		{9BC2B14B-A447-4468-A31A-0D916FFDF626} = {88463802-030F-4DC7-977E-0947B77648C7}
		{D4D9BCA9-D4B7-4E5B-922E-06CBAB1F0A85} = {88463802-030F-4DC7-977E-0947B77648C7}
		{A2A2AD62-70C5-4F3C-A075-F31A698F6CE0} = {88463802-030F-4DC7-977E-0947B77648C7}
		{C3D67D7B-014B-4697-86C8-B5987D6DBED8} = {88463802-030F-4DC7-977E-0947B77648C7}
		{75EAF1E6-FFCE-4CFD-84DE-3E6E45BC376E} = {88463802-030F-4DC7-977E-0947B77648C7}
		{814CEBD1-9B8F-49E9-A3E1-983803F9728E} = {88463802-030F-4DC7-977E-0947B77648C7}
		{1EDB520D-BE54-429A-B623-6D3E5BB4B510} = {88463802-030F-4DC7-977E-0947B77648C7}
		{04CC7FCA-08A7-435A-8493-515D02C7125B} = {88463802-030F-4DC7-977E-0947B77648C7}
		{6A25CFF5-C5C0-4709-B3D5-A6B98E67DF86} = {88463802-030F-4DC7-977E-0947B77648C7}
		{EF5185DF-C8FC-401D-98ED-39FC2C4BEA3B} = {88463802-030F-4DC7-977E-0947B77648C7}
		{D3F86FE0-2F07-4EF3-B2D0-5124FDB764C0} = {88463802-030F-4DC7-977E-0947B77648C7}
		{5903CA0A-D625-4161-A5AA-E98641079925} = {88463802-030F-4DC7-977E-0947B77648C7}
		{3D753D64-3ECC-4992-BF08-483606ACD373} = {F8D03A54-EA23-49D8-84D8-70C85A147699}
		{08974A13-0BB9-42A6-AD6B-6F6A03075A77} = {F8D03A54-EA23-49D8-84D8-70C85A147699}
		{AC83EC56-760C-473D-A5BC-0BA722F388B2} = {3660D754-BE3A-45DC-9724-C8B2C7D0A88A}
		{7BE58F4D-DF8C-4C16-A88E-31A8E2D94E34} = {338CEF0F-F1A8-42A5-907B-853A262CE572}
		{4D914250-BD07-48F7-8938-5F283020CE98} = {3660D754-BE3A-45DC-9724-C8B2C7D0A88A}
		{A0262FFE-3C29-46F9-95DB-0C01116E2F61} = {338CEF0F-F1A8-42A5-907B-853A262CE572}
		{6BA1C7DA-5C4D-4B6C-804E-4019DA8AE5BF} = {3660D754-BE3A-45DC-9724-C8B2C7D0A88A}
		{3660D754-BE3A-45DC-9724-C8B2C7D0A88A} = {B6DF6A26-3EB5-4BEA-AE92-A53A55007190}
		{338CEF0F-F1A8-42A5-907B-853A262CE572} = {B6DF6A26-3EB5-4BEA-AE92-A53A55007190}
		{C545AAE6-6FB4-45BE-B5A1-CD049098CA52} = {33DA1FE8-83E9-4D54-94E3-DC14225188EE}
		{A39BE4D2-A4BB-4F7B-878D-EE1DF15CF0BB} = {338CEF0F-F1A8-42A5-907B-853A262CE572}
		{AB700B2A-436A-412C-B35D-01310EA55C1B} = {33DA1FE8-83E9-4D54-94E3-DC14225188EE}
		{F3C85701-578B-4DA9-9A43-F98F0D361143} = {33DA1FE8-83E9-4D54-94E3-DC14225188EE}
		{F2110B12-3874-4E67-961F-7C0C4E5A420C} = {3660D754-BE3A-45DC-9724-C8B2C7D0A88A}
		{48D1B1DC-13EE-490F-BC5D-80D55DD5595C} = {3660D754-BE3A-45DC-9724-C8B2C7D0A88A}
		{4CC67FC4-8DC5-4B02-8069-1019BFC0E68D} = {338CEF0F-F1A8-42A5-907B-853A262CE572}
		{C648A11E-4805-4C74-9F4F-26DC831439FD} = {F8D03A54-EA23-49D8-84D8-70C85A147699}
		{8F0812C1-D902-4E16-BEAE-03DEE8E986EB} = {338CEF0F-F1A8-42A5-907B-853A262CE572}
	EndGlobalSection
	GlobalSection(ExtensibilityGlobals) = postSolution
		SolutionGuid = {CDC0D12D-182F-4C8F-A419-2731BFD2BD9E}
	EndGlobalSection
EndGlobal
